// !$*UTF8*$!
{
	archiveVersion = 1;
	classes = {
	};
	objectVersion = 50;
	objects = {

/* Begin PBXBuildFile section */
		00CA5C7D250147A787C374D0 /* Foundation.ttf in Resources */ = {isa = PBXBuildFile; fileRef = 3D03E664E79C409AA7AE3AB8 /* Foundation.ttf */; };
		04CF61648C0144CDB5A112C5 /* EvilIcons.ttf in Resources */ = {isa = PBXBuildFile; fileRef = 50DC4E97276C4B77BDFEE9C3 /* EvilIcons.ttf */; };
		1665EC77767642E483078187 /* Zocial.ttf in Resources */ = {isa = PBXBuildFile; fileRef = D8DD20FA117D4BDB93D1617F /* Zocial.ttf */; };
		20771D9342F34366B7D2FA37 /* FontAwesome5_Regular.ttf in Resources */ = {isa = PBXBuildFile; fileRef = 0217BDD1DF044BA6A33FAB91 /* FontAwesome5_Regular.ttf */; };
		23A5C779349E457EA730C764 /* FontAwesome5_Brands.ttf in Resources */ = {isa = PBXBuildFile; fileRef = 913DA11FEDA348D4881DA724 /* FontAwesome5_Brands.ttf */; };
		487863555F6542709ED4981C /* Entypo.ttf in Resources */ = {isa = PBXBuildFile; fileRef = F379848848A34F8EBA9D50DF /* Entypo.ttf */; };
		4D2DAAA9C9E14FA2952B2A88 /* FontAwesome.ttf in Resources */ = {isa = PBXBuildFile; fileRef = 8705F483C12D475D9652054C /* FontAwesome.ttf */; };
		5839E3923E53411BB663C4FB /* Octicons.ttf in Resources */ = {isa = PBXBuildFile; fileRef = 2C1C4D2B318C40BEA647AAEB /* Octicons.ttf */; };
		8CF7A73E361846018B61D4DA /* Ionicons.ttf in Resources */ = {isa = PBXBuildFile; fileRef = 016B9E2D4AE4423E853D2549 /* Ionicons.ttf */; };
		9FE26AFCCEB94658ADBD1BBB /* MaterialIcons.ttf in Resources */ = {isa = PBXBuildFile; fileRef = A54098E9B84746B59D774657 /* MaterialIcons.ttf */; };
		AE09FE402231FFAD003C2F97 /* AppDelegate.m in Sources */ = {isa = PBXBuildFile; fileRef = AE09FE3F2231FFAD003C2F97 /* AppDelegate.m */; };
		AE09FE432231FFAD003C2F97 /* ViewController.m in Sources */ = {isa = PBXBuildFile; fileRef = AE09FE422231FFAD003C2F97 /* ViewController.m */; };
		AE09FE482231FFAD003C2F97 /* Assets.xcassets in Resources */ = {isa = PBXBuildFile; fileRef = AE09FE472231FFAD003C2F97 /* Assets.xcassets */; };
		AE09FE4E2231FFAD003C2F97 /* main.m in Sources */ = {isa = PBXBuildFile; fileRef = AE09FE4D2231FFAD003C2F97 /* main.m */; };
		AE09FE582231FFAE003C2F97 /* NNHybridiOSTests.m in Sources */ = {isa = PBXBuildFile; fileRef = AE09FE572231FFAE003C2F97 /* NNHybridiOSTests.m */; };
		AE09FE632231FFAE003C2F97 /* NNHybridiOSUITests.m in Sources */ = {isa = PBXBuildFile; fileRef = AE09FE622231FFAE003C2F97 /* NNHybridiOSUITests.m */; };
		AE09FE722232476B003C2F97 /* RNPageViewController.m in Sources */ = {isa = PBXBuildFile; fileRef = AE09FE712232476B003C2F97 /* RNPageViewController.m */; };
		AEC38F1F224B75DE003F95FA /* RNBaseModule.m in Sources */ = {isa = PBXBuildFile; fileRef = AEC38F1E224B75DE003F95FA /* RNBaseModule.m */; };
		AEC38F22224B761E003F95FA /* AppDeviceModule.m in Sources */ = {isa = PBXBuildFile; fileRef = AEC38F21224B761E003F95FA /* AppDeviceModule.m */; };
		CD5F09D2BBC5465493BADE02 /* AntDesign.ttf in Resources */ = {isa = PBXBuildFile; fileRef = F8956F42A4C346D0B5A78DCC /* AntDesign.ttf */; };
		D21C812D5E67487BAE838A15 /* Feather.ttf in Resources */ = {isa = PBXBuildFile; fileRef = F0F01703D0434DD8B94B0B4D /* Feather.ttf */; };
		D922119D26914BEEB7EC770D /* FontAwesome5_Solid.ttf in Resources */ = {isa = PBXBuildFile; fileRef = AFF6AE2C8FE948FF91EB6596 /* FontAwesome5_Solid.ttf */; };
		DA25355ADD5DDB78958C84A3 /* libPods-NNHybridiOS.a in Frameworks */ = {isa = PBXBuildFile; fileRef = D9139C07AF0B060C16694F05 /* libPods-NNHybridiOS.a */; };
		DEA73292C10642F49831BB81 /* MaterialCommunityIcons.ttf in Resources */ = {isa = PBXBuildFile; fileRef = 278D7B84E134481FB5C09C3D /* MaterialCommunityIcons.ttf */; };
		E48C18CFC62643D3918C3983 /* SimpleLineIcons.ttf in Resources */ = {isa = PBXBuildFile; fileRef = 1BF491A423DE4BBEB9D2B4C4 /* SimpleLineIcons.ttf */; };
/* End PBXBuildFile section */

/* Begin PBXContainerItemProxy section */
		AE09FE542231FFAE003C2F97 /* PBXContainerItemProxy */ = {
			isa = PBXContainerItemProxy;
			containerPortal = AE09FE332231FFAD003C2F97 /* Project object */;
			proxyType = 1;
			remoteGlobalIDString = AE09FE3A2231FFAD003C2F97;
			remoteInfo = NNHybridiOS;
		};
		AE09FE5F2231FFAE003C2F97 /* PBXContainerItemProxy */ = {
			isa = PBXContainerItemProxy;
			containerPortal = AE09FE332231FFAD003C2F97 /* Project object */;
			proxyType = 1;
			remoteGlobalIDString = AE09FE3A2231FFAD003C2F97;
			remoteInfo = NNHybridiOS;
		};
/* End PBXContainerItemProxy section */

/* Begin PBXFileReference section */
		016B9E2D4AE4423E853D2549 /* Ionicons.ttf */ = {isa = PBXFileReference; explicitFileType = undefined; fileEncoding = 9; includeInIndex = 0; lastKnownFileType = unknown; name = Ionicons.ttf; path = "../node_modules/react-native-vector-icons/Fonts/Ionicons.ttf"; sourceTree = "<group>"; };
		0217BDD1DF044BA6A33FAB91 /* FontAwesome5_Regular.ttf */ = {isa = PBXFileReference; explicitFileType = undefined; fileEncoding = 9; includeInIndex = 0; lastKnownFileType = unknown; name = FontAwesome5_Regular.ttf; path = "../node_modules/react-native-vector-icons/Fonts/FontAwesome5_Regular.ttf"; sourceTree = "<group>"; };
		1BF491A423DE4BBEB9D2B4C4 /* SimpleLineIcons.ttf */ = {isa = PBXFileReference; explicitFileType = undefined; fileEncoding = 9; includeInIndex = 0; lastKnownFileType = unknown; name = SimpleLineIcons.ttf; path = "../node_modules/react-native-vector-icons/Fonts/SimpleLineIcons.ttf"; sourceTree = "<group>"; };
		2473DDA2F7FD02BB0ADE7A7D /* Pods-NNHybridiOS.release.xcconfig */ = {isa = PBXFileReference; includeInIndex = 1; lastKnownFileType = text.xcconfig; name = "Pods-NNHybridiOS.release.xcconfig"; path = "Pods/Target Support Files/Pods-NNHybridiOS/Pods-NNHybridiOS.release.xcconfig"; sourceTree = "<group>"; };
		278D7B84E134481FB5C09C3D /* MaterialCommunityIcons.ttf */ = {isa = PBXFileReference; explicitFileType = undefined; fileEncoding = 9; includeInIndex = 0; lastKnownFileType = unknown; name = MaterialCommunityIcons.ttf; path = "../node_modules/react-native-vector-icons/Fonts/MaterialCommunityIcons.ttf"; sourceTree = "<group>"; };
		2C1C4D2B318C40BEA647AAEB /* Octicons.ttf */ = {isa = PBXFileReference; explicitFileType = undefined; fileEncoding = 9; includeInIndex = 0; lastKnownFileType = unknown; name = Octicons.ttf; path = "../node_modules/react-native-vector-icons/Fonts/Octicons.ttf"; sourceTree = "<group>"; };
		3D03E664E79C409AA7AE3AB8 /* Foundation.ttf */ = {isa = PBXFileReference; explicitFileType = undefined; fileEncoding = 9; includeInIndex = 0; lastKnownFileType = unknown; name = Foundation.ttf; path = "../node_modules/react-native-vector-icons/Fonts/Foundation.ttf"; sourceTree = "<group>"; };
		50DC4E97276C4B77BDFEE9C3 /* EvilIcons.ttf */ = {isa = PBXFileReference; explicitFileType = undefined; fileEncoding = 9; includeInIndex = 0; lastKnownFileType = unknown; name = EvilIcons.ttf; path = "../node_modules/react-native-vector-icons/Fonts/EvilIcons.ttf"; sourceTree = "<group>"; };
		8705F483C12D475D9652054C /* FontAwesome.ttf */ = {isa = PBXFileReference; explicitFileType = undefined; fileEncoding = 9; includeInIndex = 0; lastKnownFileType = unknown; name = FontAwesome.ttf; path = "../node_modules/react-native-vector-icons/Fonts/FontAwesome.ttf"; sourceTree = "<group>"; };
		913DA11FEDA348D4881DA724 /* FontAwesome5_Brands.ttf */ = {isa = PBXFileReference; explicitFileType = undefined; fileEncoding = 9; includeInIndex = 0; lastKnownFileType = unknown; name = FontAwesome5_Brands.ttf; path = "../node_modules/react-native-vector-icons/Fonts/FontAwesome5_Brands.ttf"; sourceTree = "<group>"; };
		A54098E9B84746B59D774657 /* MaterialIcons.ttf */ = {isa = PBXFileReference; explicitFileType = undefined; fileEncoding = 9; includeInIndex = 0; lastKnownFileType = unknown; name = MaterialIcons.ttf; path = "../node_modules/react-native-vector-icons/Fonts/MaterialIcons.ttf"; sourceTree = "<group>"; };
		AE09FE3B2231FFAD003C2F97 /* NNHybridiOS.app */ = {isa = PBXFileReference; explicitFileType = wrapper.application; includeInIndex = 0; path = NNHybridiOS.app; sourceTree = BUILT_PRODUCTS_DIR; };
		AE09FE3E2231FFAD003C2F97 /* AppDelegate.h */ = {isa = PBXFileReference; lastKnownFileType = sourcecode.c.h; path = AppDelegate.h; sourceTree = "<group>"; };
		AE09FE3F2231FFAD003C2F97 /* AppDelegate.m */ = {isa = PBXFileReference; lastKnownFileType = sourcecode.c.objc; path = AppDelegate.m; sourceTree = "<group>"; };
		AE09FE412231FFAD003C2F97 /* ViewController.h */ = {isa = PBXFileReference; lastKnownFileType = sourcecode.c.h; path = ViewController.h; sourceTree = "<group>"; };
		AE09FE422231FFAD003C2F97 /* ViewController.m */ = {isa = PBXFileReference; lastKnownFileType = sourcecode.c.objc; path = ViewController.m; sourceTree = "<group>"; };
		AE09FE472231FFAD003C2F97 /* Assets.xcassets */ = {isa = PBXFileReference; lastKnownFileType = folder.assetcatalog; path = Assets.xcassets; sourceTree = "<group>"; };
		AE09FE4C2231FFAD003C2F97 /* Info.plist */ = {isa = PBXFileReference; lastKnownFileType = text.plist.xml; path = Info.plist; sourceTree = "<group>"; };
		AE09FE4D2231FFAD003C2F97 /* main.m */ = {isa = PBXFileReference; lastKnownFileType = sourcecode.c.objc; path = main.m; sourceTree = "<group>"; };
		AE09FE532231FFAE003C2F97 /* NNHybridiOSTests.xctest */ = {isa = PBXFileReference; explicitFileType = wrapper.cfbundle; includeInIndex = 0; path = NNHybridiOSTests.xctest; sourceTree = BUILT_PRODUCTS_DIR; };
		AE09FE572231FFAE003C2F97 /* NNHybridiOSTests.m */ = {isa = PBXFileReference; lastKnownFileType = sourcecode.c.objc; path = NNHybridiOSTests.m; sourceTree = "<group>"; };
		AE09FE592231FFAE003C2F97 /* Info.plist */ = {isa = PBXFileReference; lastKnownFileType = text.plist.xml; path = Info.plist; sourceTree = "<group>"; };
		AE09FE5E2231FFAE003C2F97 /* NNHybridiOSUITests.xctest */ = {isa = PBXFileReference; explicitFileType = wrapper.cfbundle; includeInIndex = 0; path = NNHybridiOSUITests.xctest; sourceTree = BUILT_PRODUCTS_DIR; };
		AE09FE622231FFAE003C2F97 /* NNHybridiOSUITests.m */ = {isa = PBXFileReference; lastKnownFileType = sourcecode.c.objc; path = NNHybridiOSUITests.m; sourceTree = "<group>"; };
		AE09FE642231FFAE003C2F97 /* Info.plist */ = {isa = PBXFileReference; lastKnownFileType = text.plist.xml; path = Info.plist; sourceTree = "<group>"; };
		AE09FE702232476B003C2F97 /* RNPageViewController.h */ = {isa = PBXFileReference; lastKnownFileType = sourcecode.c.h; path = RNPageViewController.h; sourceTree = "<group>"; };
		AE09FE712232476B003C2F97 /* RNPageViewController.m */ = {isa = PBXFileReference; lastKnownFileType = sourcecode.c.objc; path = RNPageViewController.m; sourceTree = "<group>"; };
		AEC38F1D224B75DE003F95FA /* RNBaseModule.h */ = {isa = PBXFileReference; lastKnownFileType = sourcecode.c.h; path = RNBaseModule.h; sourceTree = "<group>"; };
		AEC38F1E224B75DE003F95FA /* RNBaseModule.m */ = {isa = PBXFileReference; lastKnownFileType = sourcecode.c.objc; path = RNBaseModule.m; sourceTree = "<group>"; };
		AEC38F20224B761E003F95FA /* AppDeviceModule.h */ = {isa = PBXFileReference; lastKnownFileType = sourcecode.c.h; path = AppDeviceModule.h; sourceTree = "<group>"; };
		AEC38F21224B761E003F95FA /* AppDeviceModule.m */ = {isa = PBXFileReference; lastKnownFileType = sourcecode.c.objc; path = AppDeviceModule.m; sourceTree = "<group>"; };
		AFF6AE2C8FE948FF91EB6596 /* FontAwesome5_Solid.ttf */ = {isa = PBXFileReference; explicitFileType = undefined; fileEncoding = 9; includeInIndex = 0; lastKnownFileType = unknown; name = FontAwesome5_Solid.ttf; path = "../node_modules/react-native-vector-icons/Fonts/FontAwesome5_Solid.ttf"; sourceTree = "<group>"; };
		D8DD20FA117D4BDB93D1617F /* Zocial.ttf */ = {isa = PBXFileReference; explicitFileType = undefined; fileEncoding = 9; includeInIndex = 0; lastKnownFileType = unknown; name = Zocial.ttf; path = "../node_modules/react-native-vector-icons/Fonts/Zocial.ttf"; sourceTree = "<group>"; };
		D9139C07AF0B060C16694F05 /* libPods-NNHybridiOS.a */ = {isa = PBXFileReference; explicitFileType = archive.ar; includeInIndex = 0; path = "libPods-NNHybridiOS.a"; sourceTree = BUILT_PRODUCTS_DIR; };
		DDF5F4F98FCDEE5740E12233 /* Pods-NNHybridiOS.debug.xcconfig */ = {isa = PBXFileReference; includeInIndex = 1; lastKnownFileType = text.xcconfig; name = "Pods-NNHybridiOS.debug.xcconfig"; path = "Pods/Target Support Files/Pods-NNHybridiOS/Pods-NNHybridiOS.debug.xcconfig"; sourceTree = "<group>"; };
		F0F01703D0434DD8B94B0B4D /* Feather.ttf */ = {isa = PBXFileReference; explicitFileType = undefined; fileEncoding = 9; includeInIndex = 0; lastKnownFileType = unknown; name = Feather.ttf; path = "../node_modules/react-native-vector-icons/Fonts/Feather.ttf"; sourceTree = "<group>"; };
		F379848848A34F8EBA9D50DF /* Entypo.ttf */ = {isa = PBXFileReference; explicitFileType = undefined; fileEncoding = 9; includeInIndex = 0; lastKnownFileType = unknown; name = Entypo.ttf; path = "../node_modules/react-native-vector-icons/Fonts/Entypo.ttf"; sourceTree = "<group>"; };
		F8956F42A4C346D0B5A78DCC /* AntDesign.ttf */ = {isa = PBXFileReference; explicitFileType = undefined; fileEncoding = 9; includeInIndex = 0; lastKnownFileType = unknown; name = AntDesign.ttf; path = "../node_modules/react-native-vector-icons/Fonts/AntDesign.ttf"; sourceTree = "<group>"; };
/* End PBXFileReference section */

/* Begin PBXFrameworksBuildPhase section */
		AE09FE382231FFAD003C2F97 /* Frameworks */ = {
			isa = PBXFrameworksBuildPhase;
			buildActionMask = 2147483647;
			files = (
				DA25355ADD5DDB78958C84A3 /* libPods-NNHybridiOS.a in Frameworks */,
			);
			runOnlyForDeploymentPostprocessing = 0;
		};
		AE09FE502231FFAE003C2F97 /* Frameworks */ = {
			isa = PBXFrameworksBuildPhase;
			buildActionMask = 2147483647;
			files = (
			);
			runOnlyForDeploymentPostprocessing = 0;
		};
		AE09FE5B2231FFAE003C2F97 /* Frameworks */ = {
			isa = PBXFrameworksBuildPhase;
			buildActionMask = 2147483647;
			files = (
			);
			runOnlyForDeploymentPostprocessing = 0;
		};
/* End PBXFrameworksBuildPhase section */

/* Begin PBXGroup section */
		AE09FE322231FFAD003C2F97 = {
			isa = PBXGroup;
			children = (
				AE09FE3D2231FFAD003C2F97 /* NNHybridiOS */,
				AE09FE562231FFAE003C2F97 /* NNHybridiOSTests */,
				AE09FE612231FFAE003C2F97 /* NNHybridiOSUITests */,
				AE09FE3C2231FFAD003C2F97 /* Products */,
				C9B93B81963A58D79A88DA39 /* Pods */,
				F59BF3E665C63BCE13BF64AF /* Frameworks */,
				D149CD9F40CE4128AFB3B506 /* Resources */,
			);
			sourceTree = "<group>";
		};
		AE09FE3C2231FFAD003C2F97 /* Products */ = {
			isa = PBXGroup;
			children = (
				AE09FE3B2231FFAD003C2F97 /* NNHybridiOS.app */,
				AE09FE532231FFAE003C2F97 /* NNHybridiOSTests.xctest */,
				AE09FE5E2231FFAE003C2F97 /* NNHybridiOSUITests.xctest */,
			);
			name = Products;
			sourceTree = "<group>";
		};
		AE09FE3D2231FFAD003C2F97 /* NNHybridiOS */ = {
			isa = PBXGroup;
			children = (
				AEC38F19224B74F5003F95FA /* RNBridge */,
				AEE146C522328CD600685714 /* AppDelegate */,
				AE09FE412231FFAD003C2F97 /* ViewController.h */,
				AE09FE422231FFAD003C2F97 /* ViewController.m */,
				AE09FE702232476B003C2F97 /* RNPageViewController.h */,
				AE09FE712232476B003C2F97 /* RNPageViewController.m */,
				AE09FE472231FFAD003C2F97 /* Assets.xcassets */,
				AE09FE4C2231FFAD003C2F97 /* Info.plist */,
				AE09FE4D2231FFAD003C2F97 /* main.m */,
			);
			path = NNHybridiOS;
			sourceTree = "<group>";
		};
		AE09FE562231FFAE003C2F97 /* NNHybridiOSTests */ = {
			isa = PBXGroup;
			children = (
				AE09FE572231FFAE003C2F97 /* NNHybridiOSTests.m */,
				AE09FE592231FFAE003C2F97 /* Info.plist */,
			);
			path = NNHybridiOSTests;
			sourceTree = "<group>";
		};
		AE09FE612231FFAE003C2F97 /* NNHybridiOSUITests */ = {
			isa = PBXGroup;
			children = (
				AE09FE622231FFAE003C2F97 /* NNHybridiOSUITests.m */,
				AE09FE642231FFAE003C2F97 /* Info.plist */,
			);
			path = NNHybridiOSUITests;
			sourceTree = "<group>";
		};
		AEC38F19224B74F5003F95FA /* RNBridge */ = {
			isa = PBXGroup;
			children = (
				AEC38F1D224B75DE003F95FA /* RNBaseModule.h */,
				AEC38F1E224B75DE003F95FA /* RNBaseModule.m */,
				AEC38F20224B761E003F95FA /* AppDeviceModule.h */,
				AEC38F21224B761E003F95FA /* AppDeviceModule.m */,
			);
			path = RNBridge;
			sourceTree = "<group>";
		};
		AEE146C522328CD600685714 /* AppDelegate */ = {
			isa = PBXGroup;
			children = (
				AE09FE3E2231FFAD003C2F97 /* AppDelegate.h */,
				AE09FE3F2231FFAD003C2F97 /* AppDelegate.m */,
			);
			path = AppDelegate;
			sourceTree = "<group>";
		};
		C9B93B81963A58D79A88DA39 /* Pods */ = {
			isa = PBXGroup;
			children = (
				DDF5F4F98FCDEE5740E12233 /* Pods-NNHybridiOS.debug.xcconfig */,
				2473DDA2F7FD02BB0ADE7A7D /* Pods-NNHybridiOS.release.xcconfig */,
			);
			name = Pods;
			sourceTree = "<group>";
		};
		D149CD9F40CE4128AFB3B506 /* Resources */ = {
			isa = PBXGroup;
			children = (
				F8956F42A4C346D0B5A78DCC /* AntDesign.ttf */,
				F379848848A34F8EBA9D50DF /* Entypo.ttf */,
				50DC4E97276C4B77BDFEE9C3 /* EvilIcons.ttf */,
				F0F01703D0434DD8B94B0B4D /* Feather.ttf */,
				8705F483C12D475D9652054C /* FontAwesome.ttf */,
				913DA11FEDA348D4881DA724 /* FontAwesome5_Brands.ttf */,
				0217BDD1DF044BA6A33FAB91 /* FontAwesome5_Regular.ttf */,
				AFF6AE2C8FE948FF91EB6596 /* FontAwesome5_Solid.ttf */,
				3D03E664E79C409AA7AE3AB8 /* Foundation.ttf */,
				016B9E2D4AE4423E853D2549 /* Ionicons.ttf */,
				278D7B84E134481FB5C09C3D /* MaterialCommunityIcons.ttf */,
				A54098E9B84746B59D774657 /* MaterialIcons.ttf */,
				2C1C4D2B318C40BEA647AAEB /* Octicons.ttf */,
				1BF491A423DE4BBEB9D2B4C4 /* SimpleLineIcons.ttf */,
				D8DD20FA117D4BDB93D1617F /* Zocial.ttf */,
			);
			name = Resources;
			sourceTree = "<group>";
		};
		F59BF3E665C63BCE13BF64AF /* Frameworks */ = {
			isa = PBXGroup;
			children = (
				D9139C07AF0B060C16694F05 /* libPods-NNHybridiOS.a */,
			);
			name = Frameworks;
			sourceTree = "<group>";
		};
/* End PBXGroup section */

/* Begin PBXNativeTarget section */
		AE09FE3A2231FFAD003C2F97 /* NNHybridiOS */ = {
			isa = PBXNativeTarget;
			buildConfigurationList = AE09FE672231FFAE003C2F97 /* Build configuration list for PBXNativeTarget "NNHybridiOS" */;
			buildPhases = (
				988220E16DAE168954D8222E /* [CP] Check Pods Manifest.lock */,
				AE09FE372231FFAD003C2F97 /* Sources */,
				AE09FE382231FFAD003C2F97 /* Frameworks */,
				AE09FE392231FFAD003C2F97 /* Resources */,
				1E21EE72AF868D8D3549721D /* [CP] Copy Pods Resources */,
			);
			buildRules = (
			);
			dependencies = (
			);
			name = NNHybridiOS;
			productName = NNHybridiOS;
			productReference = AE09FE3B2231FFAD003C2F97 /* NNHybridiOS.app */;
			productType = "com.apple.product-type.application";
		};
		AE09FE522231FFAE003C2F97 /* NNHybridiOSTests */ = {
			isa = PBXNativeTarget;
			buildConfigurationList = AE09FE6A2231FFAE003C2F97 /* Build configuration list for PBXNativeTarget "NNHybridiOSTests" */;
			buildPhases = (
				AE09FE4F2231FFAE003C2F97 /* Sources */,
				AE09FE502231FFAE003C2F97 /* Frameworks */,
				AE09FE512231FFAE003C2F97 /* Resources */,
			);
			buildRules = (
			);
			dependencies = (
				AE09FE552231FFAE003C2F97 /* PBXTargetDependency */,
			);
			name = NNHybridiOSTests;
			productName = NNHybridiOSTests;
			productReference = AE09FE532231FFAE003C2F97 /* NNHybridiOSTests.xctest */;
			productType = "com.apple.product-type.bundle.unit-test";
		};
		AE09FE5D2231FFAE003C2F97 /* NNHybridiOSUITests */ = {
			isa = PBXNativeTarget;
			buildConfigurationList = AE09FE6D2231FFAE003C2F97 /* Build configuration list for PBXNativeTarget "NNHybridiOSUITests" */;
			buildPhases = (
				AE09FE5A2231FFAE003C2F97 /* Sources */,
				AE09FE5B2231FFAE003C2F97 /* Frameworks */,
				AE09FE5C2231FFAE003C2F97 /* Resources */,
			);
			buildRules = (
			);
			dependencies = (
				AE09FE602231FFAE003C2F97 /* PBXTargetDependency */,
			);
			name = NNHybridiOSUITests;
			productName = NNHybridiOSUITests;
			productReference = AE09FE5E2231FFAE003C2F97 /* NNHybridiOSUITests.xctest */;
			productType = "com.apple.product-type.bundle.ui-testing";
		};
/* End PBXNativeTarget section */

/* Begin PBXProject section */
		AE09FE332231FFAD003C2F97 /* Project object */ = {
			isa = PBXProject;
			attributes = {
				LastUpgradeCheck = 1010;
				ORGANIZATIONNAME = NeroXie;
				TargetAttributes = {
					AE09FE3A2231FFAD003C2F97 = {
						CreatedOnToolsVersion = 10.1;
					};
					AE09FE522231FFAE003C2F97 = {
						CreatedOnToolsVersion = 10.1;
						TestTargetID = AE09FE3A2231FFAD003C2F97;
					};
					AE09FE5D2231FFAE003C2F97 = {
						CreatedOnToolsVersion = 10.1;
						TestTargetID = AE09FE3A2231FFAD003C2F97;
					};
				};
			};
			buildConfigurationList = AE09FE362231FFAD003C2F97 /* Build configuration list for PBXProject "NNHybridiOS" */;
			compatibilityVersion = "Xcode 9.3";
			developmentRegion = en;
			hasScannedForEncodings = 0;
			knownRegions = (
				en,
				Base,
			);
			mainGroup = AE09FE322231FFAD003C2F97;
			productRefGroup = AE09FE3C2231FFAD003C2F97 /* Products */;
			projectDirPath = "";
			projectRoot = "";
			targets = (
				AE09FE3A2231FFAD003C2F97 /* NNHybridiOS */,
				AE09FE522231FFAE003C2F97 /* NNHybridiOSTests */,
				AE09FE5D2231FFAE003C2F97 /* NNHybridiOSUITests */,
			);
		};
/* End PBXProject section */

/* Begin PBXResourcesBuildPhase section */
		AE09FE392231FFAD003C2F97 /* Resources */ = {
			isa = PBXResourcesBuildPhase;
			buildActionMask = 2147483647;
			files = (
				AE09FE482231FFAD003C2F97 /* Assets.xcassets in Resources */,
				CD5F09D2BBC5465493BADE02 /* AntDesign.ttf in Resources */,
				487863555F6542709ED4981C /* Entypo.ttf in Resources */,
				04CF61648C0144CDB5A112C5 /* EvilIcons.ttf in Resources */,
				D21C812D5E67487BAE838A15 /* Feather.ttf in Resources */,
				4D2DAAA9C9E14FA2952B2A88 /* FontAwesome.ttf in Resources */,
				23A5C779349E457EA730C764 /* FontAwesome5_Brands.ttf in Resources */,
				20771D9342F34366B7D2FA37 /* FontAwesome5_Regular.ttf in Resources */,
				D922119D26914BEEB7EC770D /* FontAwesome5_Solid.ttf in Resources */,
				00CA5C7D250147A787C374D0 /* Foundation.ttf in Resources */,
				8CF7A73E361846018B61D4DA /* Ionicons.ttf in Resources */,
				DEA73292C10642F49831BB81 /* MaterialCommunityIcons.ttf in Resources */,
				9FE26AFCCEB94658ADBD1BBB /* MaterialIcons.ttf in Resources */,
				5839E3923E53411BB663C4FB /* Octicons.ttf in Resources */,
				E48C18CFC62643D3918C3983 /* SimpleLineIcons.ttf in Resources */,
				1665EC77767642E483078187 /* Zocial.ttf in Resources */,
			);
			runOnlyForDeploymentPostprocessing = 0;
		};
		AE09FE512231FFAE003C2F97 /* Resources */ = {
			isa = PBXResourcesBuildPhase;
			buildActionMask = 2147483647;
			files = (
			);
			runOnlyForDeploymentPostprocessing = 0;
		};
		AE09FE5C2231FFAE003C2F97 /* Resources */ = {
			isa = PBXResourcesBuildPhase;
			buildActionMask = 2147483647;
			files = (
			);
			runOnlyForDeploymentPostprocessing = 0;
		};
/* End PBXResourcesBuildPhase section */

/* Begin PBXShellScriptBuildPhase section */
		1E21EE72AF868D8D3549721D /* [CP] Copy Pods Resources */ = {
			isa = PBXShellScriptBuildPhase;
			buildActionMask = 2147483647;
			files = (
			);
			inputFileListPaths = (
			);
			inputPaths = (
				"${SRCROOT}/Pods/Target Support Files/Pods-NNHybridiOS/Pods-NNHybridiOS-resources.sh",
				"${PODS_ROOT}/IQKeyboardManager/IQKeyboardManager/Resources/IQKeyboardManager.bundle",
				"${PODS_ROOT}/MJRefresh/MJRefresh/MJRefresh.bundle",
				"${PODS_ROOT}/../../node_modules/react-native-vector-icons/Fonts/AntDesign.ttf",
				"${PODS_ROOT}/../../node_modules/react-native-vector-icons/Fonts/Entypo.ttf",
				"${PODS_ROOT}/../../node_modules/react-native-vector-icons/Fonts/EvilIcons.ttf",
				"${PODS_ROOT}/../../node_modules/react-native-vector-icons/Fonts/Feather.ttf",
				"${PODS_ROOT}/../../node_modules/react-native-vector-icons/Fonts/FontAwesome.ttf",
				"${PODS_ROOT}/../../node_modules/react-native-vector-icons/Fonts/FontAwesome5_Brands.ttf",
				"${PODS_ROOT}/../../node_modules/react-native-vector-icons/Fonts/FontAwesome5_Regular.ttf",
				"${PODS_ROOT}/../../node_modules/react-native-vector-icons/Fonts/FontAwesome5_Solid.ttf",
				"${PODS_ROOT}/../../node_modules/react-native-vector-icons/Fonts/Foundation.ttf",
				"${PODS_ROOT}/../../node_modules/react-native-vector-icons/Fonts/Ionicons.ttf",
				"${PODS_ROOT}/../../node_modules/react-native-vector-icons/Fonts/MaterialCommunityIcons.ttf",
				"${PODS_ROOT}/../../node_modules/react-native-vector-icons/Fonts/MaterialIcons.ttf",
				"${PODS_ROOT}/../../node_modules/react-native-vector-icons/Fonts/Octicons.ttf",
				"${PODS_ROOT}/../../node_modules/react-native-vector-icons/Fonts/SimpleLineIcons.ttf",
				"${PODS_ROOT}/../../node_modules/react-native-vector-icons/Fonts/Zocial.ttf",
			);
			name = "[CP] Copy Pods Resources";
			outputFileListPaths = (
			);
			outputPaths = (
				"${TARGET_BUILD_DIR}/${UNLOCALIZED_RESOURCES_FOLDER_PATH}/IQKeyboardManager.bundle",
				"${TARGET_BUILD_DIR}/${UNLOCALIZED_RESOURCES_FOLDER_PATH}/MJRefresh.bundle",
				"${TARGET_BUILD_DIR}/${UNLOCALIZED_RESOURCES_FOLDER_PATH}/AntDesign.ttf",
				"${TARGET_BUILD_DIR}/${UNLOCALIZED_RESOURCES_FOLDER_PATH}/Entypo.ttf",
				"${TARGET_BUILD_DIR}/${UNLOCALIZED_RESOURCES_FOLDER_PATH}/EvilIcons.ttf",
				"${TARGET_BUILD_DIR}/${UNLOCALIZED_RESOURCES_FOLDER_PATH}/Feather.ttf",
				"${TARGET_BUILD_DIR}/${UNLOCALIZED_RESOURCES_FOLDER_PATH}/FontAwesome.ttf",
				"${TARGET_BUILD_DIR}/${UNLOCALIZED_RESOURCES_FOLDER_PATH}/FontAwesome5_Brands.ttf",
				"${TARGET_BUILD_DIR}/${UNLOCALIZED_RESOURCES_FOLDER_PATH}/FontAwesome5_Regular.ttf",
				"${TARGET_BUILD_DIR}/${UNLOCALIZED_RESOURCES_FOLDER_PATH}/FontAwesome5_Solid.ttf",
				"${TARGET_BUILD_DIR}/${UNLOCALIZED_RESOURCES_FOLDER_PATH}/Foundation.ttf",
				"${TARGET_BUILD_DIR}/${UNLOCALIZED_RESOURCES_FOLDER_PATH}/Ionicons.ttf",
				"${TARGET_BUILD_DIR}/${UNLOCALIZED_RESOURCES_FOLDER_PATH}/MaterialCommunityIcons.ttf",
				"${TARGET_BUILD_DIR}/${UNLOCALIZED_RESOURCES_FOLDER_PATH}/MaterialIcons.ttf",
				"${TARGET_BUILD_DIR}/${UNLOCALIZED_RESOURCES_FOLDER_PATH}/Octicons.ttf",
				"${TARGET_BUILD_DIR}/${UNLOCALIZED_RESOURCES_FOLDER_PATH}/SimpleLineIcons.ttf",
				"${TARGET_BUILD_DIR}/${UNLOCALIZED_RESOURCES_FOLDER_PATH}/Zocial.ttf",
			);
			runOnlyForDeploymentPostprocessing = 0;
			shellPath = /bin/sh;
			shellScript = "\"${SRCROOT}/Pods/Target Support Files/Pods-NNHybridiOS/Pods-NNHybridiOS-resources.sh\"\n";
			showEnvVarsInLog = 0;
		};
		988220E16DAE168954D8222E /* [CP] Check Pods Manifest.lock */ = {
			isa = PBXShellScriptBuildPhase;
			buildActionMask = 2147483647;
			files = (
			);
			inputFileListPaths = (
			);
			inputPaths = (
				"${PODS_PODFILE_DIR_PATH}/Podfile.lock",
				"${PODS_ROOT}/Manifest.lock",
			);
			name = "[CP] Check Pods Manifest.lock";
			outputFileListPaths = (
			);
			outputPaths = (
				"$(DERIVED_FILE_DIR)/Pods-NNHybridiOS-checkManifestLockResult.txt",
			);
			runOnlyForDeploymentPostprocessing = 0;
			shellPath = /bin/sh;
			shellScript = "diff \"${PODS_PODFILE_DIR_PATH}/Podfile.lock\" \"${PODS_ROOT}/Manifest.lock\" > /dev/null\nif [ $? != 0 ] ; then\n    # print error to STDERR\n    echo \"error: The sandbox is not in sync with the Podfile.lock. Run 'pod install' or update your CocoaPods installation.\" >&2\n    exit 1\nfi\n# This output is used by Xcode 'outputs' to avoid re-running this script phase.\necho \"SUCCESS\" > \"${SCRIPT_OUTPUT_FILE_0}\"\n";
			showEnvVarsInLog = 0;
		};
/* End PBXShellScriptBuildPhase section */

/* Begin PBXSourcesBuildPhase section */
		AE09FE372231FFAD003C2F97 /* Sources */ = {
			isa = PBXSourcesBuildPhase;
			buildActionMask = 2147483647;
			files = (
				AEC38F1F224B75DE003F95FA /* RNBaseModule.m in Sources */,
				AE09FE432231FFAD003C2F97 /* ViewController.m in Sources */,
				AE09FE722232476B003C2F97 /* RNPageViewController.m in Sources */,
				AE09FE4E2231FFAD003C2F97 /* main.m in Sources */,
				AE09FE402231FFAD003C2F97 /* AppDelegate.m in Sources */,
				AEC38F22224B761E003F95FA /* AppDeviceModule.m in Sources */,
			);
			runOnlyForDeploymentPostprocessing = 0;
		};
		AE09FE4F2231FFAE003C2F97 /* Sources */ = {
			isa = PBXSourcesBuildPhase;
			buildActionMask = 2147483647;
			files = (
				AE09FE582231FFAE003C2F97 /* NNHybridiOSTests.m in Sources */,
			);
			runOnlyForDeploymentPostprocessing = 0;
		};
		AE09FE5A2231FFAE003C2F97 /* Sources */ = {
			isa = PBXSourcesBuildPhase;
			buildActionMask = 2147483647;
			files = (
				AE09FE632231FFAE003C2F97 /* NNHybridiOSUITests.m in Sources */,
			);
			runOnlyForDeploymentPostprocessing = 0;
		};
/* End PBXSourcesBuildPhase section */

/* Begin PBXTargetDependency section */
		AE09FE552231FFAE003C2F97 /* PBXTargetDependency */ = {
			isa = PBXTargetDependency;
			target = AE09FE3A2231FFAD003C2F97 /* NNHybridiOS */;
			targetProxy = AE09FE542231FFAE003C2F97 /* PBXContainerItemProxy */;
		};
		AE09FE602231FFAE003C2F97 /* PBXTargetDependency */ = {
			isa = PBXTargetDependency;
			target = AE09FE3A2231FFAD003C2F97 /* NNHybridiOS */;
			targetProxy = AE09FE5F2231FFAE003C2F97 /* PBXContainerItemProxy */;
		};
/* End PBXTargetDependency section */

/* Begin XCBuildConfiguration section */
		AE09FE652231FFAE003C2F97 /* Debug */ = {
			isa = XCBuildConfiguration;
			buildSettings = {
				ALWAYS_SEARCH_USER_PATHS = NO;
				CLANG_ANALYZER_NONNULL = YES;
				CLANG_ANALYZER_NUMBER_OBJECT_CONVERSION = YES_AGGRESSIVE;
				CLANG_CXX_LANGUAGE_STANDARD = "gnu++14";
				CLANG_CXX_LIBRARY = "libc++";
				CLANG_ENABLE_MODULES = YES;
				CLANG_ENABLE_OBJC_ARC = YES;
				CLANG_ENABLE_OBJC_WEAK = YES;
				CLANG_WARN_BLOCK_CAPTURE_AUTORELEASING = YES;
				CLANG_WARN_BOOL_CONVERSION = YES;
				CLANG_WARN_COMMA = YES;
				CLANG_WARN_CONSTANT_CONVERSION = YES;
				CLANG_WARN_DEPRECATED_OBJC_IMPLEMENTATIONS = YES;
				CLANG_WARN_DIRECT_OBJC_ISA_USAGE = YES_ERROR;
				CLANG_WARN_DOCUMENTATION_COMMENTS = YES;
				CLANG_WARN_EMPTY_BODY = YES;
				CLANG_WARN_ENUM_CONVERSION = YES;
				CLANG_WARN_INFINITE_RECURSION = YES;
				CLANG_WARN_INT_CONVERSION = YES;
				CLANG_WARN_NON_LITERAL_NULL_CONVERSION = YES;
				CLANG_WARN_OBJC_IMPLICIT_RETAIN_SELF = YES;
				CLANG_WARN_OBJC_LITERAL_CONVERSION = YES;
				CLANG_WARN_OBJC_ROOT_CLASS = YES_ERROR;
				CLANG_WARN_RANGE_LOOP_ANALYSIS = YES;
				CLANG_WARN_STRICT_PROTOTYPES = YES;
				CLANG_WARN_SUSPICIOUS_MOVE = YES;
				CLANG_WARN_UNGUARDED_AVAILABILITY = YES_AGGRESSIVE;
				CLANG_WARN_UNREACHABLE_CODE = YES;
				CLANG_WARN__DUPLICATE_METHOD_MATCH = YES;
				CODE_SIGN_IDENTITY = "iPhone Developer";
				COPY_PHASE_STRIP = NO;
				DEBUG_INFORMATION_FORMAT = dwarf;
				ENABLE_STRICT_OBJC_MSGSEND = YES;
				ENABLE_TESTABILITY = YES;
				GCC_C_LANGUAGE_STANDARD = gnu11;
				GCC_DYNAMIC_NO_PIC = NO;
				GCC_NO_COMMON_BLOCKS = YES;
				GCC_OPTIMIZATION_LEVEL = 0;
				GCC_PREPROCESSOR_DEFINITIONS = (
					"DEBUG=1",
					"$(inherited)",
				);
				GCC_WARN_64_TO_32_BIT_CONVERSION = YES;
				GCC_WARN_ABOUT_RETURN_TYPE = YES_ERROR;
				GCC_WARN_UNDECLARED_SELECTOR = YES;
				GCC_WARN_UNINITIALIZED_AUTOS = YES_AGGRESSIVE;
				GCC_WARN_UNUSED_FUNCTION = YES;
				GCC_WARN_UNUSED_VARIABLE = YES;
				IPHONEOS_DEPLOYMENT_TARGET = 12.1;
				MTL_ENABLE_DEBUG_INFO = INCLUDE_SOURCE;
				MTL_FAST_MATH = YES;
				ONLY_ACTIVE_ARCH = YES;
				SDKROOT = iphoneos;
			};
			name = Debug;
		};
		AE09FE662231FFAE003C2F97 /* Release */ = {
			isa = XCBuildConfiguration;
			buildSettings = {
				ALWAYS_SEARCH_USER_PATHS = NO;
				CLANG_ANALYZER_NONNULL = YES;
				CLANG_ANALYZER_NUMBER_OBJECT_CONVERSION = YES_AGGRESSIVE;
				CLANG_CXX_LANGUAGE_STANDARD = "gnu++14";
				CLANG_CXX_LIBRARY = "libc++";
				CLANG_ENABLE_MODULES = YES;
				CLANG_ENABLE_OBJC_ARC = YES;
				CLANG_ENABLE_OBJC_WEAK = YES;
				CLANG_WARN_BLOCK_CAPTURE_AUTORELEASING = YES;
				CLANG_WARN_BOOL_CONVERSION = YES;
				CLANG_WARN_COMMA = YES;
				CLANG_WARN_CONSTANT_CONVERSION = YES;
				CLANG_WARN_DEPRECATED_OBJC_IMPLEMENTATIONS = YES;
				CLANG_WARN_DIRECT_OBJC_ISA_USAGE = YES_ERROR;
				CLANG_WARN_DOCUMENTATION_COMMENTS = YES;
				CLANG_WARN_EMPTY_BODY = YES;
				CLANG_WARN_ENUM_CONVERSION = YES;
				CLANG_WARN_INFINITE_RECURSION = YES;
				CLANG_WARN_INT_CONVERSION = YES;
				CLANG_WARN_NON_LITERAL_NULL_CONVERSION = YES;
				CLANG_WARN_OBJC_IMPLICIT_RETAIN_SELF = YES;
				CLANG_WARN_OBJC_LITERAL_CONVERSION = YES;
				CLANG_WARN_OBJC_ROOT_CLASS = YES_ERROR;
				CLANG_WARN_RANGE_LOOP_ANALYSIS = YES;
				CLANG_WARN_STRICT_PROTOTYPES = YES;
				CLANG_WARN_SUSPICIOUS_MOVE = YES;
				CLANG_WARN_UNGUARDED_AVAILABILITY = YES_AGGRESSIVE;
				CLANG_WARN_UNREACHABLE_CODE = YES;
				CLANG_WARN__DUPLICATE_METHOD_MATCH = YES;
				CODE_SIGN_IDENTITY = "iPhone Developer";
				COPY_PHASE_STRIP = NO;
				DEBUG_INFORMATION_FORMAT = "dwarf-with-dsym";
				ENABLE_NS_ASSERTIONS = NO;
				ENABLE_STRICT_OBJC_MSGSEND = YES;
				GCC_C_LANGUAGE_STANDARD = gnu11;
				GCC_NO_COMMON_BLOCKS = YES;
				GCC_WARN_64_TO_32_BIT_CONVERSION = YES;
				GCC_WARN_ABOUT_RETURN_TYPE = YES_ERROR;
				GCC_WARN_UNDECLARED_SELECTOR = YES;
				GCC_WARN_UNINITIALIZED_AUTOS = YES_AGGRESSIVE;
				GCC_WARN_UNUSED_FUNCTION = YES;
				GCC_WARN_UNUSED_VARIABLE = YES;
				IPHONEOS_DEPLOYMENT_TARGET = 12.1;
				MTL_ENABLE_DEBUG_INFO = NO;
				MTL_FAST_MATH = YES;
				SDKROOT = iphoneos;
				VALIDATE_PRODUCT = YES;
			};
			name = Release;
		};
		AE09FE682231FFAE003C2F97 /* Debug */ = {
			isa = XCBuildConfiguration;
			baseConfigurationReference = DDF5F4F98FCDEE5740E12233 /* Pods-NNHybridiOS.debug.xcconfig */;
			buildSettings = {
				ASSETCATALOG_COMPILER_APPICON_NAME = AppIcon;
				ASSETCATALOG_COMPILER_LAUNCHIMAGE_NAME = LaunchImage;
				CODE_SIGN_STYLE = Automatic;
				DEVELOPMENT_TEAM = 97ZDU8T5WN;
				INFOPLIST_FILE = NNHybridiOS/Info.plist;
				IPHONEOS_DEPLOYMENT_TARGET = 9.0;
				LD_RUNPATH_SEARCH_PATHS = (
					"$(inherited)",
					"@executable_path/Frameworks",
				);
				PRODUCT_BUNDLE_IDENTIFIER = "com.xyh30902-163.NNHybridiOS";
				PRODUCT_NAME = "$(TARGET_NAME)";
				TARGETED_DEVICE_FAMILY = "1,2";
			};
			name = Debug;
		};
		AE09FE692231FFAE003C2F97 /* Release */ = {
			isa = XCBuildConfiguration;
			baseConfigurationReference = 2473DDA2F7FD02BB0ADE7A7D /* Pods-NNHybridiOS.release.xcconfig */;
			buildSettings = {
				ASSETCATALOG_COMPILER_APPICON_NAME = AppIcon;
				ASSETCATALOG_COMPILER_LAUNCHIMAGE_NAME = LaunchImage;
				CODE_SIGN_STYLE = Automatic;
				DEVELOPMENT_TEAM = 97ZDU8T5WN;
				INFOPLIST_FILE = NNHybridiOS/Info.plist;
				IPHONEOS_DEPLOYMENT_TARGET = 9.0;
				LD_RUNPATH_SEARCH_PATHS = (
					"$(inherited)",
					"@executable_path/Frameworks",
				);
				PRODUCT_BUNDLE_IDENTIFIER = "com.xyh30902-163.NNHybridiOS";
				PRODUCT_NAME = "$(TARGET_NAME)";
				TARGETED_DEVICE_FAMILY = "1,2";
			};
			name = Release;
		};
		AE09FE6B2231FFAE003C2F97 /* Debug */ = {
			isa = XCBuildConfiguration;
			buildSettings = {
				BUNDLE_LOADER = "$(TEST_HOST)";
				CODE_SIGN_STYLE = Automatic;
				DEVELOPMENT_TEAM = 97ZDU8T5WN;
				INFOPLIST_FILE = NNHybridiOSTests/Info.plist;
				LD_RUNPATH_SEARCH_PATHS = (
					"$(inherited)",
					"@executable_path/Frameworks",
					"@loader_path/Frameworks",
				);
				PRODUCT_BUNDLE_IDENTIFIER = "com.xyh30902-163.NNHybridiOSTests";
				PRODUCT_NAME = "$(TARGET_NAME)";
				TARGETED_DEVICE_FAMILY = "1,2";
				TEST_HOST = "$(BUILT_PRODUCTS_DIR)/NNHybridiOS.app/NNHybridiOS";
			};
			name = Debug;
		};
		AE09FE6C2231FFAE003C2F97 /* Release */ = {
			isa = XCBuildConfiguration;
			buildSettings = {
				BUNDLE_LOADER = "$(TEST_HOST)";
				CODE_SIGN_STYLE = Automatic;
				DEVELOPMENT_TEAM = 97ZDU8T5WN;
				INFOPLIST_FILE = NNHybridiOSTests/Info.plist;
				LD_RUNPATH_SEARCH_PATHS = (
					"$(inherited)",
					"@executable_path/Frameworks",
					"@loader_path/Frameworks",
				);
				PRODUCT_BUNDLE_IDENTIFIER = "com.xyh30902-163.NNHybridiOSTests";
				PRODUCT_NAME = "$(TARGET_NAME)";
				TARGETED_DEVICE_FAMILY = "1,2";
				TEST_HOST = "$(BUILT_PRODUCTS_DIR)/NNHybridiOS.app/NNHybridiOS";
			};
			name = Release;
		};
		AE09FE6E2231FFAE003C2F97 /* Debug */ = {
			isa = XCBuildConfiguration;
			buildSettings = {
				CODE_SIGN_STYLE = Automatic;
				DEVELOPMENT_TEAM = 97ZDU8T5WN;
				INFOPLIST_FILE = NNHybridiOSUITests/Info.plist;
				LD_RUNPATH_SEARCH_PATHS = (
					"$(inherited)",
					"@executable_path/Frameworks",
					"@loader_path/Frameworks",
				);
				PRODUCT_BUNDLE_IDENTIFIER = "com.xyh30902-163.NNHybridiOSUITests";
				PRODUCT_NAME = "$(TARGET_NAME)";
				TARGETED_DEVICE_FAMILY = "1,2";
				TEST_TARGET_NAME = NNHybridiOS;
			};
			name = Debug;
		};
		AE09FE6F2231FFAE003C2F97 /* Release */ = {
			isa = XCBuildConfiguration;
			buildSettings = {
				CODE_SIGN_STYLE = Automatic;
				DEVELOPMENT_TEAM = 97ZDU8T5WN;
				INFOPLIST_FILE = NNHybridiOSUITests/Info.plist;
				LD_RUNPATH_SEARCH_PATHS = (
					"$(inherited)",
					"@executable_path/Frameworks",
					"@loader_path/Frameworks",
				);
				PRODUCT_BUNDLE_IDENTIFIER = "com.xyh30902-163.NNHybridiOSUITests";
				PRODUCT_NAME = "$(TARGET_NAME)";
				TARGETED_DEVICE_FAMILY = "1,2";
				TEST_TARGET_NAME = NNHybridiOS;
			};
			name = Release;
		};
/* End XCBuildConfiguration section */

/* Begin XCConfigurationList section */
		AE09FE362231FFAD003C2F97 /* Build configuration list for PBXProject "NNHybridiOS" */ = {
			isa = XCConfigurationList;
			buildConfigurations = (
				AE09FE652231FFAE003C2F97 /* Debug */,
				AE09FE662231FFAE003C2F97 /* Release */,
			);
			defaultConfigurationIsVisible = 0;
			defaultConfigurationName = Release;
		};
		AE09FE672231FFAE003C2F97 /* Build configuration list for PBXNativeTarget "NNHybridiOS" */ = {
			isa = XCConfigurationList;
			buildConfigurations = (
				AE09FE682231FFAE003C2F97 /* Debug */,
				AE09FE692231FFAE003C2F97 /* Release */,
			);
			defaultConfigurationIsVisible = 0;
			defaultConfigurationName = Release;
		};
		AE09FE6A2231FFAE003C2F97 /* Build configuration list for PBXNativeTarget "NNHybridiOSTests" */ = {
			isa = XCConfigurationList;
			buildConfigurations = (
				AE09FE6B2231FFAE003C2F97 /* Debug */,
				AE09FE6C2231FFAE003C2F97 /* Release */,
			);
			defaultConfigurationIsVisible = 0;
			defaultConfigurationName = Release;
		};
		AE09FE6D2231FFAE003C2F97 /* Build configuration list for PBXNativeTarget "NNHybridiOSUITests" */ = {
			isa = XCConfigurationList;
			buildConfigurations = (
				AE09FE6E2231FFAE003C2F97 /* Debug */,
				AE09FE6F2231FFAE003C2F97 /* Release */,
			);
			defaultConfigurationIsVisible = 0;
			defaultConfigurationName = Release;
		};
/* End XCConfigurationList section */
	};
	rootObject = AE09FE332231FFAD003C2F97 /* Project object */;
}
