// !$*UTF8*$!
{
	archiveVersion = 1;
	classes = {
	};
	objectVersion = 50;
	objects = {

/* Begin PBXBuildFile section */
		00CA5C7D250147A787C374D0 /* Foundation.ttf in Resources */ = {isa = PBXBuildFile; fileRef = 3D03E664E79C409AA7AE3AB8 /* Foundation.ttf */; };
		04CF61648C0144CDB5A112C5 /* EvilIcons.ttf in Resources */ = {isa = PBXBuildFile; fileRef = 50DC4E97276C4B77BDFEE9C3 /* EvilIcons.ttf */; };
		1665EC77767642E483078187 /* Zocial.ttf in Resources */ = {isa = PBXBuildFile; fileRef = D8DD20FA117D4BDB93D1617F /* Zocial.ttf */; };
		20771D9342F34366B7D2FA37 /* FontAwesome5_Regular.ttf in Resources */ = {isa = PBXBuildFile; fileRef = 0217BDD1DF044BA6A33FAB91 /* FontAwesome5_Regular.ttf */; };
		23A5C779349E457EA730C764 /* FontAwesome5_Brands.ttf in Resources */ = {isa = PBXBuildFile; fileRef = 913DA11FEDA348D4881DA724 /* FontAwesome5_Brands.ttf */; };
		487863555F6542709ED4981C /* Entypo.ttf in Resources */ = {isa = PBXBuildFile; fileRef = F379848848A34F8EBA9D50DF /* Entypo.ttf */; };
		4D2DAAA9C9E14FA2952B2A88 /* FontAwesome.ttf in Resources */ = {isa = PBXBuildFile; fileRef = 8705F483C12D475D9652054C /* FontAwesome.ttf */; };
		5839E3923E53411BB663C4FB /* Octicons.ttf in Resources */ = {isa = PBXBuildFile; fileRef = 2C1C4D2B318C40BEA647AAEB /* Octicons.ttf */; };
		8CF7A73E361846018B61D4DA /* Ionicons.ttf in Resources */ = {isa = PBXBuildFile; fileRef = 016B9E2D4AE4423E853D2549 /* Ionicons.ttf */; };
		9FE26AFCCEB94658ADBD1BBB /* MaterialIcons.ttf in Resources */ = {isa = PBXBuildFile; fileRef = A54098E9B84746B59D774657 /* MaterialIcons.ttf */; };
		AE09FE402231FFAD003C2F97 /* AppDelegate.m in Sources */ = {isa = PBXBuildFile; fileRef = AE09FE3F2231FFAD003C2F97 /* AppDelegate.m */; };
		AE09FE482231FFAD003C2F97 /* Assets.xcassets in Resources */ = {isa = PBXBuildFile; fileRef = AE09FE472231FFAD003C2F97 /* Assets.xcassets */; };
		AE09FE4E2231FFAD003C2F97 /* main.m in Sources */ = {isa = PBXBuildFile; fileRef = AE09FE4D2231FFAD003C2F97 /* main.m */; };
		AE09FE582231FFAE003C2F97 /* NNHybridiOSTests.m in Sources */ = {isa = PBXBuildFile; fileRef = AE09FE572231FFAE003C2F97 /* NNHybridiOSTests.m */; };
		AE09FE632231FFAE003C2F97 /* NNHybridiOSUITests.m in Sources */ = {isa = PBXBuildFile; fileRef = AE09FE622231FFAE003C2F97 /* NNHybridiOSUITests.m */; };
		AE687AF5225C65090054FDA6 /* AppDelegatePluginManager.m in Sources */ = {isa = PBXBuildFile; fileRef = AE687AEF225C65090054FDA6 /* AppDelegatePluginManager.m */; };
		AE687AF6225C65090054FDA6 /* SystemConfigPlugin.m in Sources */ = {isa = PBXBuildFile; fileRef = AE687AF0225C65090054FDA6 /* SystemConfigPlugin.m */; };
		AE687B52225C68360054FDA6 /* NNBaseViewModel.m in Sources */ = {isa = PBXBuildFile; fileRef = AE687B40225C68360054FDA6 /* NNBaseViewModel.m */; };
		AE687B53225C68360054FDA6 /* NNBaseModel.m in Sources */ = {isa = PBXBuildFile; fileRef = AE687B44225C68360054FDA6 /* NNBaseModel.m */; };
		AE687B54225C68360054FDA6 /* NNBaseTableView.m in Sources */ = {isa = PBXBuildFile; fileRef = AE687B47225C68360054FDA6 /* NNBaseTableView.m */; };
		AE687B55225C68360054FDA6 /* NNImageCollectionViewCell.m in Sources */ = {isa = PBXBuildFile; fileRef = AE687B4A225C68360054FDA6 /* NNImageCollectionViewCell.m */; };
		AE687B58225C68370054FDA6 /* NNBaseViewController.m in Sources */ = {isa = PBXBuildFile; fileRef = AE687B51225C68360054FDA6 /* NNBaseViewController.m */; };
		AE687BA3225C68B50054FDA6 /* UIBarButtonItem+NNExtension.m in Sources */ = {isa = PBXBuildFile; fileRef = AE687B5B225C68B40054FDA6 /* UIBarButtonItem+NNExtension.m */; };
		AE687BA4225C68B50054FDA6 /* UIView+Frame.m in Sources */ = {isa = PBXBuildFile; fileRef = AE687B5D225C68B40054FDA6 /* UIView+Frame.m */; };
		AE687BA5225C68B50054FDA6 /* UIScrollView+NNExtension.m in Sources */ = {isa = PBXBuildFile; fileRef = AE687B5F225C68B40054FDA6 /* UIScrollView+NNExtension.m */; };
		AE687BA6225C68B50054FDA6 /* UIView+BOLoading.m in Sources */ = {isa = PBXBuildFile; fileRef = AE687B61225C68B40054FDA6 /* UIView+BOLoading.m */; };
		AE687BA7225C68B50054FDA6 /* UIViewController+Landspace.m in Sources */ = {isa = PBXBuildFile; fileRef = AE687B63225C68B40054FDA6 /* UIViewController+Landspace.m */; };
		AE687BA8225C68B50054FDA6 /* UIImageView+AnimationSDWebImage.m in Sources */ = {isa = PBXBuildFile; fileRef = AE687B65225C68B40054FDA6 /* UIImageView+AnimationSDWebImage.m */; };
		AE687BBD225C68B50054FDA6 /* NNNetworkResponse.m in Sources */ = {isa = PBXBuildFile; fileRef = AE687B98225C68B40054FDA6 /* NNNetworkResponse.m */; };
		AE687BBE225C68B50054FDA6 /* NNNetworkService.m in Sources */ = {isa = PBXBuildFile; fileRef = AE687B9A225C68B40054FDA6 /* NNNetworkService.m */; };
		AE687BBF225C68B50054FDA6 /* NNNetworkRequest.m in Sources */ = {isa = PBXBuildFile; fileRef = AE687B9D225C68B40054FDA6 /* NNNetworkRequest.m */; };
		AE687BC0225C68B50054FDA6 /* LocationManager.m in Sources */ = {isa = PBXBuildFile; fileRef = AE687B9F225C68B40054FDA6 /* LocationManager.m */; };
		AE687BC1225C68B50054FDA6 /* CityManager.m in Sources */ = {isa = PBXBuildFile; fileRef = AE687BA0225C68B40054FDA6 /* CityManager.m */; };
		AE687BD0225C69180054FDA6 /* NNProgressHUD.m in Sources */ = {isa = PBXBuildFile; fileRef = AE687BC4225C69180054FDA6 /* NNProgressHUD.m */; };
		AE687BD1225C69180054FDA6 /* NNRefreshLoadingView.m in Sources */ = {isa = PBXBuildFile; fileRef = AE687BCA225C69180054FDA6 /* NNRefreshLoadingView.m */; };
		AE687BD2225C69180054FDA6 /* NNRefreshHeader.m in Sources */ = {isa = PBXBuildFile; fileRef = AE687BCB225C69180054FDA6 /* NNRefreshHeader.m */; };
		AE687BD3225C69180054FDA6 /* NNRefreshFooter.m in Sources */ = {isa = PBXBuildFile; fileRef = AE687BCC225C69180054FDA6 /* NNRefreshFooter.m */; };
		AE687BD4225C69180054FDA6 /* ParallaxView.m in Sources */ = {isa = PBXBuildFile; fileRef = AE687BCF225C69180054FDA6 /* ParallaxView.m */; };
		AE687BDF225C69AF0054FDA6 /* ApiBaseResponse.m in Sources */ = {isa = PBXBuildFile; fileRef = AE687BD7225C69AF0054FDA6 /* ApiBaseResponse.m */; };
		AE687BE0225C69AF0054FDA6 /* ApiBaseRequest.m in Sources */ = {isa = PBXBuildFile; fileRef = AE687BD8225C69AF0054FDA6 /* ApiBaseRequest.m */; };
		AE687BE1225C69AF0054FDA6 /* RNPageViewController.m in Sources */ = {isa = PBXBuildFile; fileRef = AE687BDB225C69AF0054FDA6 /* RNPageViewController.m */; };
		AE687BEB225C6B330054FDA6 /* UserDefaultKey.m in Sources */ = {isa = PBXBuildFile; fileRef = AE687BE7225C6B330054FDA6 /* UserDefaultKey.m */; };
		AE687C00225C6BD30054FDA6 /* CityModel.m in Sources */ = {isa = PBXBuildFile; fileRef = AE687BF2225C6BD30054FDA6 /* CityModel.m */; };
		AEC86C48225353B400C76C09 /* ParallaxViewManager.m in Sources */ = {isa = PBXBuildFile; fileRef = AEC86C41225353B400C76C09 /* ParallaxViewManager.m */; };
		AEC86C49225353B400C76C09 /* RNBaseModule.m in Sources */ = {isa = PBXBuildFile; fileRef = AEC86C44225353B400C76C09 /* RNBaseModule.m */; };
		AEED90EC225BAC44001B1985 /* NNGlobalHelper.m in Sources */ = {isa = PBXBuildFile; fileRef = AEED90B9225BAC44001B1985 /* NNGlobalHelper.m */; };
		AEED90ED225BAC44001B1985 /* NSObject+NNExtension.m in Sources */ = {isa = PBXBuildFile; fileRef = AEED90BB225BAC44001B1985 /* NSObject+NNExtension.m */; };
		AEED90EE225BAC44001B1985 /* UIFont+NNExtension.m in Sources */ = {isa = PBXBuildFile; fileRef = AEED90BC225BAC44001B1985 /* UIFont+NNExtension.m */; };
		AEED90EF225BAC44001B1985 /* UIView+NNExtension.m in Sources */ = {isa = PBXBuildFile; fileRef = AEED90BE225BAC44001B1985 /* UIView+NNExtension.m */; };
		AEED90F0225BAC44001B1985 /* NSString+NNExtension.m in Sources */ = {isa = PBXBuildFile; fileRef = AEED90C2225BAC44001B1985 /* NSString+NNExtension.m */; };
		AEED90F1225BAC44001B1985 /* UICollectionView+NNExtension.m in Sources */ = {isa = PBXBuildFile; fileRef = AEED90C4225BAC44001B1985 /* UICollectionView+NNExtension.m */; };
		AEED90F2225BAC44001B1985 /* UIGestureRecognizer+NNExtension.m in Sources */ = {isa = PBXBuildFile; fileRef = AEED90C7225BAC44001B1985 /* UIGestureRecognizer+NNExtension.m */; };
		AEED90F3225BAC44001B1985 /* UIImage+NNExtension.m in Sources */ = {isa = PBXBuildFile; fileRef = AEED90CC225BAC44001B1985 /* UIImage+NNExtension.m */; };
		AEED90F4225BAC44001B1985 /* NSTimer+NNExtension.m in Sources */ = {isa = PBXBuildFile; fileRef = AEED90CD225BAC44001B1985 /* NSTimer+NNExtension.m */; };
		AEED90F5225BAC44001B1985 /* UIColor+NNExtension.m in Sources */ = {isa = PBXBuildFile; fileRef = AEED90CE225BAC44001B1985 /* UIColor+NNExtension.m */; };
		AEED90F6225BAC44001B1985 /* UITableView+NNExtension.m in Sources */ = {isa = PBXBuildFile; fileRef = AEED90CF225BAC44001B1985 /* UITableView+NNExtension.m */; };
		AEED90F7225BAC44001B1985 /* UIAlertController+NNExtension.m in Sources */ = {isa = PBXBuildFile; fileRef = AEED90D0225BAC44001B1985 /* UIAlertController+NNExtension.m */; };
		AEED90F8225BAC44001B1985 /* UIControl+NNExtension.m in Sources */ = {isa = PBXBuildFile; fileRef = AEED90D2225BAC44001B1985 /* UIControl+NNExtension.m */; };
		AEED90F9225BAC44001B1985 /* NNPFSLabel.m in Sources */ = {isa = PBXBuildFile; fileRef = AEED90D7225BAC44001B1985 /* NNPFSLabel.m */; };
		AEED90FA225BAC44001B1985 /* CADisplayLink+NNExtension.m in Sources */ = {isa = PBXBuildFile; fileRef = AEED90D8225BAC44001B1985 /* CADisplayLink+NNExtension.m */; };
		AEED90FB225BAC44001B1985 /* NNGCDTimer.m in Sources */ = {isa = PBXBuildFile; fileRef = AEED90DB225BAC44001B1985 /* NNGCDTimer.m */; };
		AEED90FC225BAC44001B1985 /* NNPinYin.m in Sources */ = {isa = PBXBuildFile; fileRef = AEED90DF225BAC44001B1985 /* NNPinYin.m */; };
		AEED90FD225BAC44001B1985 /* NNCarouselLayout.m in Sources */ = {isa = PBXBuildFile; fileRef = AEED90E1225BAC44001B1985 /* NNCarouselLayout.m */; };
		AEED90FE225BAC44001B1985 /* NNCarousel.m in Sources */ = {isa = PBXBuildFile; fileRef = AEED90E2225BAC44001B1985 /* NNCarousel.m */; };
		AEED90FF225BAC44001B1985 /* NNNormalAlertView.m in Sources */ = {isa = PBXBuildFile; fileRef = AEED90E6225BAC44001B1985 /* NNNormalAlertView.m */; };
		AEED9100225BAC44001B1985 /* NNAlertView.m in Sources */ = {isa = PBXBuildFile; fileRef = AEED90E9225BAC44001B1985 /* NNAlertView.m */; };
		AEED920A225CBBEE001B1985 /* UserDefaultModule.m in Sources */ = {isa = PBXBuildFile; fileRef = AEED9209225CBBEE001B1985 /* UserDefaultModule.m */; };
		AEED920D225CBFC3001B1985 /* AMapLocationModule.m in Sources */ = {isa = PBXBuildFile; fileRef = AEED920C225CBFC3001B1985 /* AMapLocationModule.m */; };
		CD5F09D2BBC5465493BADE02 /* AntDesign.ttf in Resources */ = {isa = PBXBuildFile; fileRef = F8956F42A4C346D0B5A78DCC /* AntDesign.ttf */; };
		D21C812D5E67487BAE838A15 /* Feather.ttf in Resources */ = {isa = PBXBuildFile; fileRef = F0F01703D0434DD8B94B0B4D /* Feather.ttf */; };
		D922119D26914BEEB7EC770D /* FontAwesome5_Solid.ttf in Resources */ = {isa = PBXBuildFile; fileRef = AFF6AE2C8FE948FF91EB6596 /* FontAwesome5_Solid.ttf */; };
		DA25355ADD5DDB78958C84A3 /* libPods-NNHybridiOS.a in Frameworks */ = {isa = PBXBuildFile; fileRef = D9139C07AF0B060C16694F05 /* libPods-NNHybridiOS.a */; };
		DEA73292C10642F49831BB81 /* MaterialCommunityIcons.ttf in Resources */ = {isa = PBXBuildFile; fileRef = 278D7B84E134481FB5C09C3D /* MaterialCommunityIcons.ttf */; };
		E48C18CFC62643D3918C3983 /* SimpleLineIcons.ttf in Resources */ = {isa = PBXBuildFile; fileRef = 1BF491A423DE4BBEB9D2B4C4 /* SimpleLineIcons.ttf */; };
/* End PBXBuildFile section */

/* Begin PBXContainerItemProxy section */
		AE09FE542231FFAE003C2F97 /* PBXContainerItemProxy */ = {
			isa = PBXContainerItemProxy;
			containerPortal = AE09FE332231FFAD003C2F97 /* Project object */;
			proxyType = 1;
			remoteGlobalIDString = AE09FE3A2231FFAD003C2F97;
			remoteInfo = NNHybridiOS;
		};
		AE09FE5F2231FFAE003C2F97 /* PBXContainerItemProxy */ = {
			isa = PBXContainerItemProxy;
			containerPortal = AE09FE332231FFAD003C2F97 /* Project object */;
			proxyType = 1;
			remoteGlobalIDString = AE09FE3A2231FFAD003C2F97;
			remoteInfo = NNHybridiOS;
		};
/* End PBXContainerItemProxy section */

/* Begin PBXFileReference section */
		016B9E2D4AE4423E853D2549 /* Ionicons.ttf */ = {isa = PBXFileReference; explicitFileType = undefined; fileEncoding = 9; includeInIndex = 0; lastKnownFileType = unknown; name = Ionicons.ttf; path = "../node_modules/react-native-vector-icons/Fonts/Ionicons.ttf"; sourceTree = "<group>"; };
		0217BDD1DF044BA6A33FAB91 /* FontAwesome5_Regular.ttf */ = {isa = PBXFileReference; explicitFileType = undefined; fileEncoding = 9; includeInIndex = 0; lastKnownFileType = unknown; name = FontAwesome5_Regular.ttf; path = "../node_modules/react-native-vector-icons/Fonts/FontAwesome5_Regular.ttf"; sourceTree = "<group>"; };
		1BF491A423DE4BBEB9D2B4C4 /* SimpleLineIcons.ttf */ = {isa = PBXFileReference; explicitFileType = undefined; fileEncoding = 9; includeInIndex = 0; lastKnownFileType = unknown; name = SimpleLineIcons.ttf; path = "../node_modules/react-native-vector-icons/Fonts/SimpleLineIcons.ttf"; sourceTree = "<group>"; };
		2473DDA2F7FD02BB0ADE7A7D /* Pods-NNHybridiOS.release.xcconfig */ = {isa = PBXFileReference; includeInIndex = 1; lastKnownFileType = text.xcconfig; name = "Pods-NNHybridiOS.release.xcconfig"; path = "Pods/Target Support Files/Pods-NNHybridiOS/Pods-NNHybridiOS.release.xcconfig"; sourceTree = "<group>"; };
		278D7B84E134481FB5C09C3D /* MaterialCommunityIcons.ttf */ = {isa = PBXFileReference; explicitFileType = undefined; fileEncoding = 9; includeInIndex = 0; lastKnownFileType = unknown; name = MaterialCommunityIcons.ttf; path = "../node_modules/react-native-vector-icons/Fonts/MaterialCommunityIcons.ttf"; sourceTree = "<group>"; };
		2C1C4D2B318C40BEA647AAEB /* Octicons.ttf */ = {isa = PBXFileReference; explicitFileType = undefined; fileEncoding = 9; includeInIndex = 0; lastKnownFileType = unknown; name = Octicons.ttf; path = "../node_modules/react-native-vector-icons/Fonts/Octicons.ttf"; sourceTree = "<group>"; };
		3D03E664E79C409AA7AE3AB8 /* Foundation.ttf */ = {isa = PBXFileReference; explicitFileType = undefined; fileEncoding = 9; includeInIndex = 0; lastKnownFileType = unknown; name = Foundation.ttf; path = "../node_modules/react-native-vector-icons/Fonts/Foundation.ttf"; sourceTree = "<group>"; };
		50DC4E97276C4B77BDFEE9C3 /* EvilIcons.ttf */ = {isa = PBXFileReference; explicitFileType = undefined; fileEncoding = 9; includeInIndex = 0; lastKnownFileType = unknown; name = EvilIcons.ttf; path = "../node_modules/react-native-vector-icons/Fonts/EvilIcons.ttf"; sourceTree = "<group>"; };
		8705F483C12D475D9652054C /* FontAwesome.ttf */ = {isa = PBXFileReference; explicitFileType = undefined; fileEncoding = 9; includeInIndex = 0; lastKnownFileType = unknown; name = FontAwesome.ttf; path = "../node_modules/react-native-vector-icons/Fonts/FontAwesome.ttf"; sourceTree = "<group>"; };
		913DA11FEDA348D4881DA724 /* FontAwesome5_Brands.ttf */ = {isa = PBXFileReference; explicitFileType = undefined; fileEncoding = 9; includeInIndex = 0; lastKnownFileType = unknown; name = FontAwesome5_Brands.ttf; path = "../node_modules/react-native-vector-icons/Fonts/FontAwesome5_Brands.ttf"; sourceTree = "<group>"; };
		A54098E9B84746B59D774657 /* MaterialIcons.ttf */ = {isa = PBXFileReference; explicitFileType = undefined; fileEncoding = 9; includeInIndex = 0; lastKnownFileType = unknown; name = MaterialIcons.ttf; path = "../node_modules/react-native-vector-icons/Fonts/MaterialIcons.ttf"; sourceTree = "<group>"; };
		AE09FE3B2231FFAD003C2F97 /* NNHybridiOS.app */ = {isa = PBXFileReference; explicitFileType = wrapper.application; includeInIndex = 0; path = NNHybridiOS.app; sourceTree = BUILT_PRODUCTS_DIR; };
		AE09FE3E2231FFAD003C2F97 /* AppDelegate.h */ = {isa = PBXFileReference; lastKnownFileType = sourcecode.c.h; path = AppDelegate.h; sourceTree = "<group>"; };
		AE09FE3F2231FFAD003C2F97 /* AppDelegate.m */ = {isa = PBXFileReference; lastKnownFileType = sourcecode.c.objc; path = AppDelegate.m; sourceTree = "<group>"; };
		AE09FE472231FFAD003C2F97 /* Assets.xcassets */ = {isa = PBXFileReference; lastKnownFileType = folder.assetcatalog; path = Assets.xcassets; sourceTree = "<group>"; };
		AE09FE4C2231FFAD003C2F97 /* Info.plist */ = {isa = PBXFileReference; lastKnownFileType = text.plist.xml; path = Info.plist; sourceTree = "<group>"; };
		AE09FE4D2231FFAD003C2F97 /* main.m */ = {isa = PBXFileReference; lastKnownFileType = sourcecode.c.objc; path = main.m; sourceTree = "<group>"; };
		AE09FE532231FFAE003C2F97 /* NNHybridiOSTests.xctest */ = {isa = PBXFileReference; explicitFileType = wrapper.cfbundle; includeInIndex = 0; path = NNHybridiOSTests.xctest; sourceTree = BUILT_PRODUCTS_DIR; };
		AE09FE572231FFAE003C2F97 /* NNHybridiOSTests.m */ = {isa = PBXFileReference; lastKnownFileType = sourcecode.c.objc; path = NNHybridiOSTests.m; sourceTree = "<group>"; };
		AE09FE592231FFAE003C2F97 /* Info.plist */ = {isa = PBXFileReference; lastKnownFileType = text.plist.xml; path = Info.plist; sourceTree = "<group>"; };
		AE09FE5E2231FFAE003C2F97 /* NNHybridiOSUITests.xctest */ = {isa = PBXFileReference; explicitFileType = wrapper.cfbundle; includeInIndex = 0; path = NNHybridiOSUITests.xctest; sourceTree = BUILT_PRODUCTS_DIR; };
		AE09FE622231FFAE003C2F97 /* NNHybridiOSUITests.m */ = {isa = PBXFileReference; lastKnownFileType = sourcecode.c.objc; path = NNHybridiOSUITests.m; sourceTree = "<group>"; };
		AE09FE642231FFAE003C2F97 /* Info.plist */ = {isa = PBXFileReference; lastKnownFileType = text.plist.xml; path = Info.plist; sourceTree = "<group>"; };
		AE687AE9225C65090054FDA6 /* SystemConfigPlugin.h */ = {isa = PBXFileReference; fileEncoding = 4; lastKnownFileType = sourcecode.c.h; path = SystemConfigPlugin.h; sourceTree = "<group>"; };
		AE687AEA225C65090054FDA6 /* AppDelegatePluginManager.h */ = {isa = PBXFileReference; fileEncoding = 4; lastKnownFileType = sourcecode.c.h; path = AppDelegatePluginManager.h; sourceTree = "<group>"; };
		AE687AED225C65090054FDA6 /* AppDelegatePlugin.h */ = {isa = PBXFileReference; fileEncoding = 4; lastKnownFileType = sourcecode.c.h; path = AppDelegatePlugin.h; sourceTree = "<group>"; };
		AE687AEF225C65090054FDA6 /* AppDelegatePluginManager.m */ = {isa = PBXFileReference; fileEncoding = 4; lastKnownFileType = sourcecode.c.objc; path = AppDelegatePluginManager.m; sourceTree = "<group>"; };
		AE687AF0225C65090054FDA6 /* SystemConfigPlugin.m */ = {isa = PBXFileReference; fileEncoding = 4; lastKnownFileType = sourcecode.c.objc; path = SystemConfigPlugin.m; sourceTree = "<group>"; };
		AE687B40225C68360054FDA6 /* NNBaseViewModel.m */ = {isa = PBXFileReference; fileEncoding = 4; lastKnownFileType = sourcecode.c.objc; path = NNBaseViewModel.m; sourceTree = "<group>"; };
		AE687B42225C68360054FDA6 /* NNBaseViewModel.h */ = {isa = PBXFileReference; fileEncoding = 4; lastKnownFileType = sourcecode.c.h; path = NNBaseViewModel.h; sourceTree = "<group>"; };
		AE687B44225C68360054FDA6 /* NNBaseModel.m */ = {isa = PBXFileReference; fileEncoding = 4; lastKnownFileType = sourcecode.c.objc; path = NNBaseModel.m; sourceTree = "<group>"; };
		AE687B45225C68360054FDA6 /* NNBaseModel.h */ = {isa = PBXFileReference; fileEncoding = 4; lastKnownFileType = sourcecode.c.h; path = NNBaseModel.h; sourceTree = "<group>"; };
		AE687B47225C68360054FDA6 /* NNBaseTableView.m */ = {isa = PBXFileReference; fileEncoding = 4; lastKnownFileType = sourcecode.c.objc; path = NNBaseTableView.m; sourceTree = "<group>"; };
		AE687B48225C68360054FDA6 /* NNImageCollectionViewCell.h */ = {isa = PBXFileReference; fileEncoding = 4; lastKnownFileType = sourcecode.c.h; path = NNImageCollectionViewCell.h; sourceTree = "<group>"; };
		AE687B49225C68360054FDA6 /* NNBaseTableView.h */ = {isa = PBXFileReference; fileEncoding = 4; lastKnownFileType = sourcecode.c.h; path = NNBaseTableView.h; sourceTree = "<group>"; };
		AE687B4A225C68360054FDA6 /* NNImageCollectionViewCell.m */ = {isa = PBXFileReference; fileEncoding = 4; lastKnownFileType = sourcecode.c.objc; path = NNImageCollectionViewCell.m; sourceTree = "<group>"; };
		AE687B4E225C68360054FDA6 /* NNBaseViewController.h */ = {isa = PBXFileReference; fileEncoding = 4; lastKnownFileType = sourcecode.c.h; path = NNBaseViewController.h; sourceTree = "<group>"; };
		AE687B51225C68360054FDA6 /* NNBaseViewController.m */ = {isa = PBXFileReference; fileEncoding = 4; lastKnownFileType = sourcecode.c.objc; path = NNBaseViewController.m; sourceTree = "<group>"; };
		AE687B5B225C68B40054FDA6 /* UIBarButtonItem+NNExtension.m */ = {isa = PBXFileReference; fileEncoding = 4; lastKnownFileType = sourcecode.c.objc; path = "UIBarButtonItem+NNExtension.m"; sourceTree = "<group>"; };
		AE687B5C225C68B40054FDA6 /* UIView+BOLoading.h */ = {isa = PBXFileReference; fileEncoding = 4; lastKnownFileType = sourcecode.c.h; path = "UIView+BOLoading.h"; sourceTree = "<group>"; };
		AE687B5D225C68B40054FDA6 /* UIView+Frame.m */ = {isa = PBXFileReference; fileEncoding = 4; lastKnownFileType = sourcecode.c.objc; path = "UIView+Frame.m"; sourceTree = "<group>"; };
		AE687B5E225C68B40054FDA6 /* UIViewController+Landspace.h */ = {isa = PBXFileReference; fileEncoding = 4; lastKnownFileType = sourcecode.c.h; path = "UIViewController+Landspace.h"; sourceTree = "<group>"; };
		AE687B5F225C68B40054FDA6 /* UIScrollView+NNExtension.m */ = {isa = PBXFileReference; fileEncoding = 4; lastKnownFileType = sourcecode.c.objc; path = "UIScrollView+NNExtension.m"; sourceTree = "<group>"; };
		AE687B60225C68B40054FDA6 /* UIImageView+AnimationSDWebImage.h */ = {isa = PBXFileReference; fileEncoding = 4; lastKnownFileType = sourcecode.c.h; path = "UIImageView+AnimationSDWebImage.h"; sourceTree = "<group>"; };
		AE687B61225C68B40054FDA6 /* UIView+BOLoading.m */ = {isa = PBXFileReference; fileEncoding = 4; lastKnownFileType = sourcecode.c.objc; path = "UIView+BOLoading.m"; sourceTree = "<group>"; };
		AE687B62225C68B40054FDA6 /* UIBarButtonItem+NNExtension.h */ = {isa = PBXFileReference; fileEncoding = 4; lastKnownFileType = sourcecode.c.h; path = "UIBarButtonItem+NNExtension.h"; sourceTree = "<group>"; };
		AE687B63225C68B40054FDA6 /* UIViewController+Landspace.m */ = {isa = PBXFileReference; fileEncoding = 4; lastKnownFileType = sourcecode.c.objc; path = "UIViewController+Landspace.m"; sourceTree = "<group>"; };
		AE687B64225C68B40054FDA6 /* UIView+Frame.h */ = {isa = PBXFileReference; fileEncoding = 4; lastKnownFileType = sourcecode.c.h; path = "UIView+Frame.h"; sourceTree = "<group>"; };
		AE687B65225C68B40054FDA6 /* UIImageView+AnimationSDWebImage.m */ = {isa = PBXFileReference; fileEncoding = 4; lastKnownFileType = sourcecode.c.objc; path = "UIImageView+AnimationSDWebImage.m"; sourceTree = "<group>"; };
		AE687B66225C68B40054FDA6 /* UIScrollView+NNExtension.h */ = {isa = PBXFileReference; fileEncoding = 4; lastKnownFileType = sourcecode.c.h; path = "UIScrollView+NNExtension.h"; sourceTree = "<group>"; };
		AE687B98225C68B40054FDA6 /* NNNetworkResponse.m */ = {isa = PBXFileReference; fileEncoding = 4; lastKnownFileType = sourcecode.c.objc; path = NNNetworkResponse.m; sourceTree = "<group>"; };
		AE687B99225C68B40054FDA6 /* NNNetworkRequest.h */ = {isa = PBXFileReference; fileEncoding = 4; lastKnownFileType = sourcecode.c.h; path = NNNetworkRequest.h; sourceTree = "<group>"; };
		AE687B9A225C68B40054FDA6 /* NNNetworkService.m */ = {isa = PBXFileReference; fileEncoding = 4; lastKnownFileType = sourcecode.c.objc; path = NNNetworkService.m; sourceTree = "<group>"; };
		AE687B9B225C68B40054FDA6 /* NNNetworkResponse.h */ = {isa = PBXFileReference; fileEncoding = 4; lastKnownFileType = sourcecode.c.h; path = NNNetworkResponse.h; sourceTree = "<group>"; };
		AE687B9C225C68B40054FDA6 /* NNNetworkService.h */ = {isa = PBXFileReference; fileEncoding = 4; lastKnownFileType = sourcecode.c.h; path = NNNetworkService.h; sourceTree = "<group>"; };
		AE687B9D225C68B40054FDA6 /* NNNetworkRequest.m */ = {isa = PBXFileReference; fileEncoding = 4; lastKnownFileType = sourcecode.c.objc; path = NNNetworkRequest.m; sourceTree = "<group>"; };
		AE687B9F225C68B40054FDA6 /* LocationManager.m */ = {isa = PBXFileReference; fileEncoding = 4; lastKnownFileType = sourcecode.c.objc; path = LocationManager.m; sourceTree = "<group>"; };
		AE687BA0225C68B40054FDA6 /* CityManager.m */ = {isa = PBXFileReference; fileEncoding = 4; lastKnownFileType = sourcecode.c.objc; path = CityManager.m; sourceTree = "<group>"; };
		AE687BA1225C68B40054FDA6 /* LocationManager.h */ = {isa = PBXFileReference; fileEncoding = 4; lastKnownFileType = sourcecode.c.h; path = LocationManager.h; sourceTree = "<group>"; };
		AE687BA2225C68B40054FDA6 /* CityManager.h */ = {isa = PBXFileReference; fileEncoding = 4; lastKnownFileType = sourcecode.c.h; path = CityManager.h; sourceTree = "<group>"; };
		AE687BC4225C69180054FDA6 /* NNProgressHUD.m */ = {isa = PBXFileReference; fileEncoding = 4; lastKnownFileType = sourcecode.c.objc; path = NNProgressHUD.m; sourceTree = "<group>"; };
		AE687BC5225C69180054FDA6 /* NNProgressHUD.h */ = {isa = PBXFileReference; fileEncoding = 4; lastKnownFileType = sourcecode.c.h; path = NNProgressHUD.h; sourceTree = "<group>"; };
		AE687BC7225C69180054FDA6 /* NNRefreshLoadingView.h */ = {isa = PBXFileReference; fileEncoding = 4; lastKnownFileType = sourcecode.c.h; path = NNRefreshLoadingView.h; sourceTree = "<group>"; };
		AE687BC8225C69180054FDA6 /* NNRefreshFooter.h */ = {isa = PBXFileReference; fileEncoding = 4; lastKnownFileType = sourcecode.c.h; path = NNRefreshFooter.h; sourceTree = "<group>"; };
		AE687BC9225C69180054FDA6 /* NNRefreshHeader.h */ = {isa = PBXFileReference; fileEncoding = 4; lastKnownFileType = sourcecode.c.h; path = NNRefreshHeader.h; sourceTree = "<group>"; };
		AE687BCA225C69180054FDA6 /* NNRefreshLoadingView.m */ = {isa = PBXFileReference; fileEncoding = 4; lastKnownFileType = sourcecode.c.objc; path = NNRefreshLoadingView.m; sourceTree = "<group>"; };
		AE687BCB225C69180054FDA6 /* NNRefreshHeader.m */ = {isa = PBXFileReference; fileEncoding = 4; lastKnownFileType = sourcecode.c.objc; path = NNRefreshHeader.m; sourceTree = "<group>"; };
		AE687BCC225C69180054FDA6 /* NNRefreshFooter.m */ = {isa = PBXFileReference; fileEncoding = 4; lastKnownFileType = sourcecode.c.objc; path = NNRefreshFooter.m; sourceTree = "<group>"; };
		AE687BCE225C69180054FDA6 /* ParallaxView.h */ = {isa = PBXFileReference; fileEncoding = 4; lastKnownFileType = sourcecode.c.h; path = ParallaxView.h; sourceTree = "<group>"; };
		AE687BCF225C69180054FDA6 /* ParallaxView.m */ = {isa = PBXFileReference; fileEncoding = 4; lastKnownFileType = sourcecode.c.objc; path = ParallaxView.m; sourceTree = "<group>"; };
		AE687BD6225C69AF0054FDA6 /* ApiBaseRequest.h */ = {isa = PBXFileReference; fileEncoding = 4; lastKnownFileType = sourcecode.c.h; path = ApiBaseRequest.h; sourceTree = "<group>"; };
		AE687BD7225C69AF0054FDA6 /* ApiBaseResponse.m */ = {isa = PBXFileReference; fileEncoding = 4; lastKnownFileType = sourcecode.c.objc; path = ApiBaseResponse.m; sourceTree = "<group>"; };
		AE687BD8225C69AF0054FDA6 /* ApiBaseRequest.m */ = {isa = PBXFileReference; fileEncoding = 4; lastKnownFileType = sourcecode.c.objc; path = ApiBaseRequest.m; sourceTree = "<group>"; };
		AE687BD9225C69AF0054FDA6 /* ApiBaseResponse.h */ = {isa = PBXFileReference; fileEncoding = 4; lastKnownFileType = sourcecode.c.h; path = ApiBaseResponse.h; sourceTree = "<group>"; };
		AE687BDB225C69AF0054FDA6 /* RNPageViewController.m */ = {isa = PBXFileReference; fileEncoding = 4; lastKnownFileType = sourcecode.c.objc; path = RNPageViewController.m; sourceTree = "<group>"; };
		AE687BDD225C69AF0054FDA6 /* RNPageViewController.h */ = {isa = PBXFileReference; fileEncoding = 4; lastKnownFileType = sourcecode.c.h; path = RNPageViewController.h; sourceTree = "<group>"; };
		AE687BE5225C6A470054FDA6 /* ToolMacro.h */ = {isa = PBXFileReference; fileEncoding = 4; lastKnownFileType = sourcecode.c.h; path = ToolMacro.h; sourceTree = "<group>"; };
		AE687BE6225C6A9D0054FDA6 /* AppDesignMacro.h */ = {isa = PBXFileReference; fileEncoding = 4; lastKnownFileType = sourcecode.c.h; path = AppDesignMacro.h; sourceTree = "<group>"; };
		AE687BE7225C6B330054FDA6 /* UserDefaultKey.m */ = {isa = PBXFileReference; fileEncoding = 4; lastKnownFileType = sourcecode.c.objc; path = UserDefaultKey.m; sourceTree = "<group>"; };
		AE687BE8225C6B330054FDA6 /* APIMacro.h */ = {isa = PBXFileReference; fileEncoding = 4; lastKnownFileType = sourcecode.c.h; path = APIMacro.h; sourceTree = "<group>"; };
		AE687BE9225C6B330054FDA6 /* NotificationMacro.h */ = {isa = PBXFileReference; fileEncoding = 4; lastKnownFileType = sourcecode.c.h; path = NotificationMacro.h; sourceTree = "<group>"; };
		AE687BEA225C6B330054FDA6 /* UserDefaultKey.h */ = {isa = PBXFileReference; fileEncoding = 4; lastKnownFileType = sourcecode.c.h; path = UserDefaultKey.h; sourceTree = "<group>"; };
		AE687BF2225C6BD30054FDA6 /* CityModel.m */ = {isa = PBXFileReference; fileEncoding = 4; lastKnownFileType = sourcecode.c.objc; path = CityModel.m; sourceTree = "<group>"; };
		AE687BF3225C6BD30054FDA6 /* CityModel.h */ = {isa = PBXFileReference; fileEncoding = 4; lastKnownFileType = sourcecode.c.h; path = CityModel.h; sourceTree = "<group>"; };
		AEC86C41225353B400C76C09 /* ParallaxViewManager.m */ = {isa = PBXFileReference; fileEncoding = 4; lastKnownFileType = sourcecode.c.objc; path = ParallaxViewManager.m; sourceTree = "<group>"; };
		AEC86C42225353B400C76C09 /* ParallaxViewManager.h */ = {isa = PBXFileReference; fileEncoding = 4; lastKnownFileType = sourcecode.c.h; path = ParallaxViewManager.h; sourceTree = "<group>"; };
		AEC86C44225353B400C76C09 /* RNBaseModule.m */ = {isa = PBXFileReference; fileEncoding = 4; lastKnownFileType = sourcecode.c.objc; path = RNBaseModule.m; sourceTree = "<group>"; };
		AEC86C47225353B400C76C09 /* RNBaseModule.h */ = {isa = PBXFileReference; fileEncoding = 4; lastKnownFileType = sourcecode.c.h; path = RNBaseModule.h; sourceTree = "<group>"; };
		AEED90B0225BA675001B1985 /* PrefixHeader.pch */ = {isa = PBXFileReference; fileEncoding = 4; lastKnownFileType = sourcecode.c.h; path = PrefixHeader.pch; sourceTree = "<group>"; };
		AEED90B9225BAC44001B1985 /* NNGlobalHelper.m */ = {isa = PBXFileReference; fileEncoding = 4; lastKnownFileType = sourcecode.c.objc; path = NNGlobalHelper.m; sourceTree = "<group>"; };
		AEED90BA225BAC44001B1985 /* UIGestureRecognizer+NNExtension.h */ = {isa = PBXFileReference; fileEncoding = 4; lastKnownFileType = sourcecode.c.h; path = "UIGestureRecognizer+NNExtension.h"; sourceTree = "<group>"; };
		AEED90BB225BAC44001B1985 /* NSObject+NNExtension.m */ = {isa = PBXFileReference; fileEncoding = 4; lastKnownFileType = sourcecode.c.objc; path = "NSObject+NNExtension.m"; sourceTree = "<group>"; };
		AEED90BC225BAC44001B1985 /* UIFont+NNExtension.m */ = {isa = PBXFileReference; fileEncoding = 4; lastKnownFileType = sourcecode.c.objc; path = "UIFont+NNExtension.m"; sourceTree = "<group>"; };
		AEED90BD225BAC44001B1985 /* NNDefineMacro.h */ = {isa = PBXFileReference; fileEncoding = 4; lastKnownFileType = sourcecode.c.h; path = NNDefineMacro.h; sourceTree = "<group>"; };
		AEED90BE225BAC44001B1985 /* UIView+NNExtension.m */ = {isa = PBXFileReference; fileEncoding = 4; lastKnownFileType = sourcecode.c.objc; path = "UIView+NNExtension.m"; sourceTree = "<group>"; };
		AEED90BF225BAC44001B1985 /* UIColor+NNExtension.h */ = {isa = PBXFileReference; fileEncoding = 4; lastKnownFileType = sourcecode.c.h; path = "UIColor+NNExtension.h"; sourceTree = "<group>"; };
		AEED90C0225BAC44001B1985 /* NSTimer+NNExtension.h */ = {isa = PBXFileReference; fileEncoding = 4; lastKnownFileType = sourcecode.c.h; path = "NSTimer+NNExtension.h"; sourceTree = "<group>"; };
		AEED90C1225BAC44001B1985 /* UIImage+NNExtension.h */ = {isa = PBXFileReference; fileEncoding = 4; lastKnownFileType = sourcecode.c.h; path = "UIImage+NNExtension.h"; sourceTree = "<group>"; };
		AEED90C2225BAC44001B1985 /* NSString+NNExtension.m */ = {isa = PBXFileReference; fileEncoding = 4; lastKnownFileType = sourcecode.c.objc; path = "NSString+NNExtension.m"; sourceTree = "<group>"; };
		AEED90C3225BAC44001B1985 /* UIControl+NNExtension.h */ = {isa = PBXFileReference; fileEncoding = 4; lastKnownFileType = sourcecode.c.h; path = "UIControl+NNExtension.h"; sourceTree = "<group>"; };
		AEED90C4225BAC44001B1985 /* UICollectionView+NNExtension.m */ = {isa = PBXFileReference; fileEncoding = 4; lastKnownFileType = sourcecode.c.objc; path = "UICollectionView+NNExtension.m"; sourceTree = "<group>"; };
		AEED90C5225BAC44001B1985 /* UIAlertController+NNExtension.h */ = {isa = PBXFileReference; fileEncoding = 4; lastKnownFileType = sourcecode.c.h; path = "UIAlertController+NNExtension.h"; sourceTree = "<group>"; };
		AEED90C6225BAC44001B1985 /* UITableView+NNExtension.h */ = {isa = PBXFileReference; fileEncoding = 4; lastKnownFileType = sourcecode.c.h; path = "UITableView+NNExtension.h"; sourceTree = "<group>"; };
		AEED90C7225BAC44001B1985 /* UIGestureRecognizer+NNExtension.m */ = {isa = PBXFileReference; fileEncoding = 4; lastKnownFileType = sourcecode.c.objc; path = "UIGestureRecognizer+NNExtension.m"; sourceTree = "<group>"; };
		AEED90C8225BAC44001B1985 /* NNGlobalHelper.h */ = {isa = PBXFileReference; fileEncoding = 4; lastKnownFileType = sourcecode.c.h; path = NNGlobalHelper.h; sourceTree = "<group>"; };
		AEED90C9225BAC44001B1985 /* UIView+NNExtension.h */ = {isa = PBXFileReference; fileEncoding = 4; lastKnownFileType = sourcecode.c.h; path = "UIView+NNExtension.h"; sourceTree = "<group>"; };
		AEED90CA225BAC44001B1985 /* NSObject+NNExtension.h */ = {isa = PBXFileReference; fileEncoding = 4; lastKnownFileType = sourcecode.c.h; path = "NSObject+NNExtension.h"; sourceTree = "<group>"; };
		AEED90CB225BAC44001B1985 /* UIFont+NNExtension.h */ = {isa = PBXFileReference; fileEncoding = 4; lastKnownFileType = sourcecode.c.h; path = "UIFont+NNExtension.h"; sourceTree = "<group>"; };
		AEED90CC225BAC44001B1985 /* UIImage+NNExtension.m */ = {isa = PBXFileReference; fileEncoding = 4; lastKnownFileType = sourcecode.c.objc; path = "UIImage+NNExtension.m"; sourceTree = "<group>"; };
		AEED90CD225BAC44001B1985 /* NSTimer+NNExtension.m */ = {isa = PBXFileReference; fileEncoding = 4; lastKnownFileType = sourcecode.c.objc; path = "NSTimer+NNExtension.m"; sourceTree = "<group>"; };
		AEED90CE225BAC44001B1985 /* UIColor+NNExtension.m */ = {isa = PBXFileReference; fileEncoding = 4; lastKnownFileType = sourcecode.c.objc; path = "UIColor+NNExtension.m"; sourceTree = "<group>"; };
		AEED90CF225BAC44001B1985 /* UITableView+NNExtension.m */ = {isa = PBXFileReference; fileEncoding = 4; lastKnownFileType = sourcecode.c.objc; path = "UITableView+NNExtension.m"; sourceTree = "<group>"; };
		AEED90D0225BAC44001B1985 /* UIAlertController+NNExtension.m */ = {isa = PBXFileReference; fileEncoding = 4; lastKnownFileType = sourcecode.c.objc; path = "UIAlertController+NNExtension.m"; sourceTree = "<group>"; };
		AEED90D1225BAC44001B1985 /* UICollectionView+NNExtension.h */ = {isa = PBXFileReference; fileEncoding = 4; lastKnownFileType = sourcecode.c.h; path = "UICollectionView+NNExtension.h"; sourceTree = "<group>"; };
		AEED90D2225BAC44001B1985 /* UIControl+NNExtension.m */ = {isa = PBXFileReference; fileEncoding = 4; lastKnownFileType = sourcecode.c.objc; path = "UIControl+NNExtension.m"; sourceTree = "<group>"; };
		AEED90D3225BAC44001B1985 /* NSString+NNExtension.h */ = {isa = PBXFileReference; fileEncoding = 4; lastKnownFileType = sourcecode.c.h; path = "NSString+NNExtension.h"; sourceTree = "<group>"; };
		AEED90D6225BAC44001B1985 /* CADisplayLink+NNExtension.h */ = {isa = PBXFileReference; fileEncoding = 4; lastKnownFileType = sourcecode.c.h; path = "CADisplayLink+NNExtension.h"; sourceTree = "<group>"; };
		AEED90D7225BAC44001B1985 /* NNPFSLabel.m */ = {isa = PBXFileReference; fileEncoding = 4; lastKnownFileType = sourcecode.c.objc; path = NNPFSLabel.m; sourceTree = "<group>"; };
		AEED90D8225BAC44001B1985 /* CADisplayLink+NNExtension.m */ = {isa = PBXFileReference; fileEncoding = 4; lastKnownFileType = sourcecode.c.objc; path = "CADisplayLink+NNExtension.m"; sourceTree = "<group>"; };
		AEED90D9225BAC44001B1985 /* NNPFSLabel.h */ = {isa = PBXFileReference; fileEncoding = 4; lastKnownFileType = sourcecode.c.h; path = NNPFSLabel.h; sourceTree = "<group>"; };
		AEED90DB225BAC44001B1985 /* NNGCDTimer.m */ = {isa = PBXFileReference; fileEncoding = 4; lastKnownFileType = sourcecode.c.objc; path = NNGCDTimer.m; sourceTree = "<group>"; };
		AEED90DC225BAC44001B1985 /* NNGCDTimer.h */ = {isa = PBXFileReference; fileEncoding = 4; lastKnownFileType = sourcecode.c.h; path = NNGCDTimer.h; sourceTree = "<group>"; };
		AEED90DE225BAC44001B1985 /* NNPinYin.h */ = {isa = PBXFileReference; fileEncoding = 4; lastKnownFileType = sourcecode.c.h; path = NNPinYin.h; sourceTree = "<group>"; };
		AEED90DF225BAC44001B1985 /* NNPinYin.m */ = {isa = PBXFileReference; fileEncoding = 4; lastKnownFileType = sourcecode.c.objc; path = NNPinYin.m; sourceTree = "<group>"; };
		AEED90E1225BAC44001B1985 /* NNCarouselLayout.m */ = {isa = PBXFileReference; fileEncoding = 4; lastKnownFileType = sourcecode.c.objc; path = NNCarouselLayout.m; sourceTree = "<group>"; };
		AEED90E2225BAC44001B1985 /* NNCarousel.m */ = {isa = PBXFileReference; fileEncoding = 4; lastKnownFileType = sourcecode.c.objc; path = NNCarousel.m; sourceTree = "<group>"; };
		AEED90E3225BAC44001B1985 /* NNCarouselLayout.h */ = {isa = PBXFileReference; fileEncoding = 4; lastKnownFileType = sourcecode.c.h; path = NNCarouselLayout.h; sourceTree = "<group>"; };
		AEED90E4225BAC44001B1985 /* NNCarousel.h */ = {isa = PBXFileReference; fileEncoding = 4; lastKnownFileType = sourcecode.c.h; path = NNCarousel.h; sourceTree = "<group>"; };
		AEED90E6225BAC44001B1985 /* NNNormalAlertView.m */ = {isa = PBXFileReference; fileEncoding = 4; lastKnownFileType = sourcecode.c.objc; path = NNNormalAlertView.m; sourceTree = "<group>"; };
		AEED90E7225BAC44001B1985 /* NNAlertView.h */ = {isa = PBXFileReference; fileEncoding = 4; lastKnownFileType = sourcecode.c.h; path = NNAlertView.h; sourceTree = "<group>"; };
		AEED90E8225BAC44001B1985 /* NNNormalAlertView.h */ = {isa = PBXFileReference; fileEncoding = 4; lastKnownFileType = sourcecode.c.h; path = NNNormalAlertView.h; sourceTree = "<group>"; };
		AEED90E9225BAC44001B1985 /* NNAlertView.m */ = {isa = PBXFileReference; fileEncoding = 4; lastKnownFileType = sourcecode.c.objc; path = NNAlertView.m; sourceTree = "<group>"; };
		AEED90EB225BAC44001B1985 /* NNEasyKit.h */ = {isa = PBXFileReference; fileEncoding = 4; lastKnownFileType = sourcecode.c.h; path = NNEasyKit.h; sourceTree = "<group>"; };
		AEED9208225CBBEE001B1985 /* UserDefaultModule.h */ = {isa = PBXFileReference; lastKnownFileType = sourcecode.c.h; path = UserDefaultModule.h; sourceTree = "<group>"; };
		AEED9209225CBBEE001B1985 /* UserDefaultModule.m */ = {isa = PBXFileReference; lastKnownFileType = sourcecode.c.objc; path = UserDefaultModule.m; sourceTree = "<group>"; };
		AEED920B225CBFC3001B1985 /* AMapLocationModule.h */ = {isa = PBXFileReference; lastKnownFileType = sourcecode.c.h; path = AMapLocationModule.h; sourceTree = "<group>"; };
		AEED920C225CBFC3001B1985 /* AMapLocationModule.m */ = {isa = PBXFileReference; lastKnownFileType = sourcecode.c.objc; path = AMapLocationModule.m; sourceTree = "<group>"; };
		AFF6AE2C8FE948FF91EB6596 /* FontAwesome5_Solid.ttf */ = {isa = PBXFileReference; explicitFileType = undefined; fileEncoding = 9; includeInIndex = 0; lastKnownFileType = unknown; name = FontAwesome5_Solid.ttf; path = "../node_modules/react-native-vector-icons/Fonts/FontAwesome5_Solid.ttf"; sourceTree = "<group>"; };
		D8DD20FA117D4BDB93D1617F /* Zocial.ttf */ = {isa = PBXFileReference; explicitFileType = undefined; fileEncoding = 9; includeInIndex = 0; lastKnownFileType = unknown; name = Zocial.ttf; path = "../node_modules/react-native-vector-icons/Fonts/Zocial.ttf"; sourceTree = "<group>"; };
		D9139C07AF0B060C16694F05 /* libPods-NNHybridiOS.a */ = {isa = PBXFileReference; explicitFileType = archive.ar; includeInIndex = 0; path = "libPods-NNHybridiOS.a"; sourceTree = BUILT_PRODUCTS_DIR; };
		DDF5F4F98FCDEE5740E12233 /* Pods-NNHybridiOS.debug.xcconfig */ = {isa = PBXFileReference; includeInIndex = 1; lastKnownFileType = text.xcconfig; name = "Pods-NNHybridiOS.debug.xcconfig"; path = "Pods/Target Support Files/Pods-NNHybridiOS/Pods-NNHybridiOS.debug.xcconfig"; sourceTree = "<group>"; };
		F0F01703D0434DD8B94B0B4D /* Feather.ttf */ = {isa = PBXFileReference; explicitFileType = undefined; fileEncoding = 9; includeInIndex = 0; lastKnownFileType = unknown; name = Feather.ttf; path = "../node_modules/react-native-vector-icons/Fonts/Feather.ttf"; sourceTree = "<group>"; };
		F379848848A34F8EBA9D50DF /* Entypo.ttf */ = {isa = PBXFileReference; explicitFileType = undefined; fileEncoding = 9; includeInIndex = 0; lastKnownFileType = unknown; name = Entypo.ttf; path = "../node_modules/react-native-vector-icons/Fonts/Entypo.ttf"; sourceTree = "<group>"; };
		F8956F42A4C346D0B5A78DCC /* AntDesign.ttf */ = {isa = PBXFileReference; explicitFileType = undefined; fileEncoding = 9; includeInIndex = 0; lastKnownFileType = unknown; name = AntDesign.ttf; path = "../node_modules/react-native-vector-icons/Fonts/AntDesign.ttf"; sourceTree = "<group>"; };
/* End PBXFileReference section */

/* Begin PBXFrameworksBuildPhase section */
		AE09FE382231FFAD003C2F97 /* Frameworks */ = {
			isa = PBXFrameworksBuildPhase;
			buildActionMask = 2147483647;
			files = (
				DA25355ADD5DDB78958C84A3 /* libPods-NNHybridiOS.a in Frameworks */,
			);
			runOnlyForDeploymentPostprocessing = 0;
		};
		AE09FE502231FFAE003C2F97 /* Frameworks */ = {
			isa = PBXFrameworksBuildPhase;
			buildActionMask = 2147483647;
			files = (
			);
			runOnlyForDeploymentPostprocessing = 0;
		};
		AE09FE5B2231FFAE003C2F97 /* Frameworks */ = {
			isa = PBXFrameworksBuildPhase;
			buildActionMask = 2147483647;
			files = (
			);
			runOnlyForDeploymentPostprocessing = 0;
		};
/* End PBXFrameworksBuildPhase section */

/* Begin PBXGroup section */
		AE09FE322231FFAD003C2F97 = {
			isa = PBXGroup;
			children = (
				AE09FE3D2231FFAD003C2F97 /* NNHybridiOS */,
				AE09FE562231FFAE003C2F97 /* NNHybridiOSTests */,
				AE09FE612231FFAE003C2F97 /* NNHybridiOSUITests */,
				AE09FE3C2231FFAD003C2F97 /* Products */,
				C9B93B81963A58D79A88DA39 /* Pods */,
				F59BF3E665C63BCE13BF64AF /* Frameworks */,
				D149CD9F40CE4128AFB3B506 /* Resources */,
			);
			sourceTree = "<group>";
		};
		AE09FE3C2231FFAD003C2F97 /* Products */ = {
			isa = PBXGroup;
			children = (
				AE09FE3B2231FFAD003C2F97 /* NNHybridiOS.app */,
				AE09FE532231FFAE003C2F97 /* NNHybridiOSTests.xctest */,
				AE09FE5E2231FFAE003C2F97 /* NNHybridiOSUITests.xctest */,
			);
			name = Products;
			sourceTree = "<group>";
		};
		AE09FE3D2231FFAD003C2F97 /* NNHybridiOS */ = {
			isa = PBXGroup;
			children = (
				AE687BD5225C69AF0054FDA6 /* ApiRequest */,
				AEE146C522328CD600685714 /* AppDelegate */,
				AE687B3E225C68360054FDA6 /* Base */,
				AE687B59225C68B40054FDA6 /* Component */,
				AEED90AB225BA675001B1985 /* GlobalDefine */,
				AEED90B7225BAC44001B1985 /* NNEasyKit */,
				AEC86C3F225353B400C76C09 /* RNBridge */,
				AE687BDA225C69AF0054FDA6 /* Sections */,
				AE687BE4225C69E70054FDA6 /* SupportedFiles */,
			);
			path = NNHybridiOS;
			sourceTree = "<group>";
		};
		AE09FE562231FFAE003C2F97 /* NNHybridiOSTests */ = {
			isa = PBXGroup;
			children = (
				AE09FE572231FFAE003C2F97 /* NNHybridiOSTests.m */,
				AE09FE592231FFAE003C2F97 /* Info.plist */,
			);
			path = NNHybridiOSTests;
			sourceTree = "<group>";
		};
		AE09FE612231FFAE003C2F97 /* NNHybridiOSUITests */ = {
			isa = PBXGroup;
			children = (
				AE09FE622231FFAE003C2F97 /* NNHybridiOSUITests.m */,
				AE09FE642231FFAE003C2F97 /* Info.plist */,
			);
			path = NNHybridiOSUITests;
			sourceTree = "<group>";
		};
		AE687AE6225C65090054FDA6 /* Plugins */ = {
			isa = PBXGroup;
			children = (
				AE687AED225C65090054FDA6 /* AppDelegatePlugin.h */,
				AE687AEA225C65090054FDA6 /* AppDelegatePluginManager.h */,
				AE687AEF225C65090054FDA6 /* AppDelegatePluginManager.m */,
				AE687AE9225C65090054FDA6 /* SystemConfigPlugin.h */,
				AE687AF0225C65090054FDA6 /* SystemConfigPlugin.m */,
			);
			path = Plugins;
			sourceTree = "<group>";
		};
		AE687B3E225C68360054FDA6 /* Base */ = {
			isa = PBXGroup;
			children = (
				AE687B3F225C68360054FDA6 /* ViewModel */,
				AE687B43225C68360054FDA6 /* Model */,
				AE687B46225C68360054FDA6 /* View */,
				AE687B4B225C68360054FDA6 /* ViewController */,
			);
			path = Base;
			sourceTree = "<group>";
		};
		AE687B3F225C68360054FDA6 /* ViewModel */ = {
			isa = PBXGroup;
			children = (
				AE687B42225C68360054FDA6 /* NNBaseViewModel.h */,
				AE687B40225C68360054FDA6 /* NNBaseViewModel.m */,
			);
			path = ViewModel;
			sourceTree = "<group>";
		};
		AE687B43225C68360054FDA6 /* Model */ = {
			isa = PBXGroup;
			children = (
				AE687B45225C68360054FDA6 /* NNBaseModel.h */,
				AE687B44225C68360054FDA6 /* NNBaseModel.m */,
			);
			path = Model;
			sourceTree = "<group>";
		};
		AE687B46225C68360054FDA6 /* View */ = {
			isa = PBXGroup;
			children = (
				AE687B49225C68360054FDA6 /* NNBaseTableView.h */,
				AE687B47225C68360054FDA6 /* NNBaseTableView.m */,
				AE687B48225C68360054FDA6 /* NNImageCollectionViewCell.h */,
				AE687B4A225C68360054FDA6 /* NNImageCollectionViewCell.m */,
			);
			path = View;
			sourceTree = "<group>";
		};
		AE687B4B225C68360054FDA6 /* ViewController */ = {
			isa = PBXGroup;
			children = (
				AE687B4E225C68360054FDA6 /* NNBaseViewController.h */,
				AE687B51225C68360054FDA6 /* NNBaseViewController.m */,
			);
			path = ViewController;
			sourceTree = "<group>";
		};
		AE687B59225C68B40054FDA6 /* Component */ = {
			isa = PBXGroup;
			children = (
				AE687BC2225C69180054FDA6 /* NNComponent */,
				AE687B5A225C68B40054FDA6 /* Extension */,
				AE687B97225C68B40054FDA6 /* NNNetwork */,
				AE687B9E225C68B40054FDA6 /* Manager */,
			);
			path = Component;
			sourceTree = "<group>";
		};
		AE687B5A225C68B40054FDA6 /* Extension */ = {
			isa = PBXGroup;
			children = (
				AE687B62225C68B40054FDA6 /* UIBarButtonItem+NNExtension.h */,
				AE687B5B225C68B40054FDA6 /* UIBarButtonItem+NNExtension.m */,
				AE687B60225C68B40054FDA6 /* UIImageView+AnimationSDWebImage.h */,
				AE687B65225C68B40054FDA6 /* UIImageView+AnimationSDWebImage.m */,
				AE687B66225C68B40054FDA6 /* UIScrollView+NNExtension.h */,
				AE687B5F225C68B40054FDA6 /* UIScrollView+NNExtension.m */,
				AE687B5C225C68B40054FDA6 /* UIView+BOLoading.h */,
				AE687B61225C68B40054FDA6 /* UIView+BOLoading.m */,
				AE687B64225C68B40054FDA6 /* UIView+Frame.h */,
				AE687B5D225C68B40054FDA6 /* UIView+Frame.m */,
				AE687B5E225C68B40054FDA6 /* UIViewController+Landspace.h */,
				AE687B63225C68B40054FDA6 /* UIViewController+Landspace.m */,
			);
			path = Extension;
			sourceTree = "<group>";
		};
		AE687B97225C68B40054FDA6 /* NNNetwork */ = {
			isa = PBXGroup;
			children = (
				AE687B99225C68B40054FDA6 /* NNNetworkRequest.h */,
				AE687B9D225C68B40054FDA6 /* NNNetworkRequest.m */,
				AE687B9B225C68B40054FDA6 /* NNNetworkResponse.h */,
				AE687B98225C68B40054FDA6 /* NNNetworkResponse.m */,
				AE687B9C225C68B40054FDA6 /* NNNetworkService.h */,
				AE687B9A225C68B40054FDA6 /* NNNetworkService.m */,
			);
			path = NNNetwork;
			sourceTree = "<group>";
		};
		AE687B9E225C68B40054FDA6 /* Manager */ = {
			isa = PBXGroup;
			children = (
				AE687BA2225C68B40054FDA6 /* CityManager.h */,
				AE687BA0225C68B40054FDA6 /* CityManager.m */,
				AE687BA1225C68B40054FDA6 /* LocationManager.h */,
				AE687B9F225C68B40054FDA6 /* LocationManager.m */,
			);
			path = Manager;
			sourceTree = "<group>";
		};
		AE687BC2225C69180054FDA6 /* NNComponent */ = {
			isa = PBXGroup;
			children = (
				AE687BC3225C69180054FDA6 /* NNProgressHUD */,
				AE687BC6225C69180054FDA6 /* NNRefresh */,
				AE687BCD225C69180054FDA6 /* NNParallaxView */,
			);
			path = NNComponent;
			sourceTree = "<group>";
		};
		AE687BC3225C69180054FDA6 /* NNProgressHUD */ = {
			isa = PBXGroup;
			children = (
				AE687BC5225C69180054FDA6 /* NNProgressHUD.h */,
				AE687BC4225C69180054FDA6 /* NNProgressHUD.m */,
			);
			path = NNProgressHUD;
			sourceTree = "<group>";
		};
		AE687BC6225C69180054FDA6 /* NNRefresh */ = {
			isa = PBXGroup;
			children = (
				AE687BC8225C69180054FDA6 /* NNRefreshFooter.h */,
				AE687BCC225C69180054FDA6 /* NNRefreshFooter.m */,
				AE687BC9225C69180054FDA6 /* NNRefreshHeader.h */,
				AE687BCB225C69180054FDA6 /* NNRefreshHeader.m */,
				AE687BC7225C69180054FDA6 /* NNRefreshLoadingView.h */,
				AE687BCA225C69180054FDA6 /* NNRefreshLoadingView.m */,
			);
			path = NNRefresh;
			sourceTree = "<group>";
		};
		AE687BCD225C69180054FDA6 /* NNParallaxView */ = {
			isa = PBXGroup;
			children = (
				AE687BCE225C69180054FDA6 /* ParallaxView.h */,
				AE687BCF225C69180054FDA6 /* ParallaxView.m */,
			);
			path = NNParallaxView;
			sourceTree = "<group>";
		};
		AE687BD5225C69AF0054FDA6 /* ApiRequest */ = {
			isa = PBXGroup;
			children = (
				AE687BD6225C69AF0054FDA6 /* ApiBaseRequest.h */,
				AE687BD8225C69AF0054FDA6 /* ApiBaseRequest.m */,
				AE687BD9225C69AF0054FDA6 /* ApiBaseResponse.h */,
				AE687BD7225C69AF0054FDA6 /* ApiBaseResponse.m */,
			);
			path = ApiRequest;
			sourceTree = "<group>";
		};
		AE687BDA225C69AF0054FDA6 /* Sections */ = {
			isa = PBXGroup;
			children = (
				AE687BEC225C6BD30054FDA6 /* City */,
				AE687BDD225C69AF0054FDA6 /* RNPageViewController.h */,
				AE687BDB225C69AF0054FDA6 /* RNPageViewController.m */,
			);
			path = Sections;
			sourceTree = "<group>";
		};
		AE687BE4225C69E70054FDA6 /* SupportedFiles */ = {
			isa = PBXGroup;
			children = (
				AE09FE472231FFAD003C2F97 /* Assets.xcassets */,
				AE09FE4C2231FFAD003C2F97 /* Info.plist */,
				AE09FE4D2231FFAD003C2F97 /* main.m */,
			);
			name = SupportedFiles;
			sourceTree = "<group>";
		};
		AE687BEC225C6BD30054FDA6 /* City */ = {
			isa = PBXGroup;
			children = (
				AE687BF1225C6BD30054FDA6 /* Model */,
			);
			path = City;
			sourceTree = "<group>";
		};
		AE687BF1225C6BD30054FDA6 /* Model */ = {
			isa = PBXGroup;
			children = (
				AE687BF2225C6BD30054FDA6 /* CityModel.m */,
				AE687BF3225C6BD30054FDA6 /* CityModel.h */,
			);
			path = Model;
			sourceTree = "<group>";
		};
		AEC86C3F225353B400C76C09 /* RNBridge */ = {
			isa = PBXGroup;
			children = (
				AEC86C43225353B400C76C09 /* RCTBridge */,
				AEC86C40225353B400C76C09 /* RCTView */,
			);
			name = RNBridge;
			path = NNHybridiOS/RNBridge;
			sourceTree = SOURCE_ROOT;
		};
		AEC86C40225353B400C76C09 /* RCTView */ = {
			isa = PBXGroup;
			children = (
				AEC86C42225353B400C76C09 /* ParallaxViewManager.h */,
				AEC86C41225353B400C76C09 /* ParallaxViewManager.m */,
			);
			path = RCTView;
			sourceTree = "<group>";
		};
		AEC86C43225353B400C76C09 /* RCTBridge */ = {
			isa = PBXGroup;
			children = (
				AEC86C47225353B400C76C09 /* RNBaseModule.h */,
				AEC86C44225353B400C76C09 /* RNBaseModule.m */,
				AEED9208225CBBEE001B1985 /* UserDefaultModule.h */,
				AEED9209225CBBEE001B1985 /* UserDefaultModule.m */,
				AEED920B225CBFC3001B1985 /* AMapLocationModule.h */,
				AEED920C225CBFC3001B1985 /* AMapLocationModule.m */,
			);
			path = RCTBridge;
			sourceTree = "<group>";
		};
		AEE146C522328CD600685714 /* AppDelegate */ = {
			isa = PBXGroup;
			children = (
				AE687AE6225C65090054FDA6 /* Plugins */,
				AE09FE3E2231FFAD003C2F97 /* AppDelegate.h */,
				AE09FE3F2231FFAD003C2F97 /* AppDelegate.m */,
			);
			path = AppDelegate;
			sourceTree = "<group>";
		};
		AEED90AB225BA675001B1985 /* GlobalDefine */ = {
			isa = PBXGroup;
			children = (
				AE687BE8225C6B330054FDA6 /* APIMacro.h */,
				AE687BE6225C6A9D0054FDA6 /* AppDesignMacro.h */,
				AE687BE9225C6B330054FDA6 /* NotificationMacro.h */,
				AEED90B0225BA675001B1985 /* PrefixHeader.pch */,
				AE687BE5225C6A470054FDA6 /* ToolMacro.h */,
				AE687BEA225C6B330054FDA6 /* UserDefaultKey.h */,
				AE687BE7225C6B330054FDA6 /* UserDefaultKey.m */,
			);
			path = GlobalDefine;
			sourceTree = "<group>";
		};
		AEED90B7225BAC44001B1985 /* NNEasyKit */ = {
			isa = PBXGroup;
			children = (
				AEED90B8225BAC44001B1985 /* NNExtension */,
				AEED90D4225BAC44001B1985 /* NNComponent */,
				AEED90EB225BAC44001B1985 /* NNEasyKit.h */,
			);
			path = NNEasyKit;
			sourceTree = "<group>";
		};
		AEED90B8225BAC44001B1985 /* NNExtension */ = {
			isa = PBXGroup;
			children = (
				AEED90BD225BAC44001B1985 /* NNDefineMacro.h */,
				AEED90C8225BAC44001B1985 /* NNGlobalHelper.h */,
				AEED90B9225BAC44001B1985 /* NNGlobalHelper.m */,
				AEED90CA225BAC44001B1985 /* NSObject+NNExtension.h */,
				AEED90BB225BAC44001B1985 /* NSObject+NNExtension.m */,
				AEED90D3225BAC44001B1985 /* NSString+NNExtension.h */,
				AEED90C2225BAC44001B1985 /* NSString+NNExtension.m */,
				AEED90C0225BAC44001B1985 /* NSTimer+NNExtension.h */,
				AEED90CD225BAC44001B1985 /* NSTimer+NNExtension.m */,
				AEED90C5225BAC44001B1985 /* UIAlertController+NNExtension.h */,
				AEED90D0225BAC44001B1985 /* UIAlertController+NNExtension.m */,
				AEED90D1225BAC44001B1985 /* UICollectionView+NNExtension.h */,
				AEED90C4225BAC44001B1985 /* UICollectionView+NNExtension.m */,
				AEED90BF225BAC44001B1985 /* UIColor+NNExtension.h */,
				AEED90CE225BAC44001B1985 /* UIColor+NNExtension.m */,
				AEED90C3225BAC44001B1985 /* UIControl+NNExtension.h */,
				AEED90D2225BAC44001B1985 /* UIControl+NNExtension.m */,
				AEED90CB225BAC44001B1985 /* UIFont+NNExtension.h */,
				AEED90BC225BAC44001B1985 /* UIFont+NNExtension.m */,
				AEED90BA225BAC44001B1985 /* UIGestureRecognizer+NNExtension.h */,
				AEED90C7225BAC44001B1985 /* UIGestureRecognizer+NNExtension.m */,
				AEED90C1225BAC44001B1985 /* UIImage+NNExtension.h */,
				AEED90CC225BAC44001B1985 /* UIImage+NNExtension.m */,
				AEED90C6225BAC44001B1985 /* UITableView+NNExtension.h */,
				AEED90CF225BAC44001B1985 /* UITableView+NNExtension.m */,
				AEED90C9225BAC44001B1985 /* UIView+NNExtension.h */,
				AEED90BE225BAC44001B1985 /* UIView+NNExtension.m */,
			);
			path = NNExtension;
			sourceTree = "<group>";
		};
		AEED90D4225BAC44001B1985 /* NNComponent */ = {
			isa = PBXGroup;
			children = (
				AEED90D5225BAC44001B1985 /* NNPFSLabel */,
				AEED90DA225BAC44001B1985 /* NNGCDTimer */,
				AEED90DD225BAC44001B1985 /* NNPinYin */,
				AEED90E0225BAC44001B1985 /* NNCarousel */,
				AEED90E5225BAC44001B1985 /* NNAlertView */,
				AEED90EA225BAC44001B1985 /* NNLabelStyleLayout */,
			);
			path = NNComponent;
			sourceTree = "<group>";
		};
		AEED90D5225BAC44001B1985 /* NNPFSLabel */ = {
			isa = PBXGroup;
			children = (
				AEED90D6225BAC44001B1985 /* CADisplayLink+NNExtension.h */,
				AEED90D7225BAC44001B1985 /* NNPFSLabel.m */,
				AEED90D8225BAC44001B1985 /* CADisplayLink+NNExtension.m */,
				AEED90D9225BAC44001B1985 /* NNPFSLabel.h */,
			);
			path = NNPFSLabel;
			sourceTree = "<group>";
		};
		AEED90DA225BAC44001B1985 /* NNGCDTimer */ = {
			isa = PBXGroup;
			children = (
				AEED90DB225BAC44001B1985 /* NNGCDTimer.m */,
				AEED90DC225BAC44001B1985 /* NNGCDTimer.h */,
			);
			path = NNGCDTimer;
			sourceTree = "<group>";
		};
		AEED90DD225BAC44001B1985 /* NNPinYin */ = {
			isa = PBXGroup;
			children = (
				AEED90DE225BAC44001B1985 /* NNPinYin.h */,
				AEED90DF225BAC44001B1985 /* NNPinYin.m */,
			);
			path = NNPinYin;
			sourceTree = "<group>";
		};
		AEED90E0225BAC44001B1985 /* NNCarousel */ = {
			isa = PBXGroup;
			children = (
				AEED90E1225BAC44001B1985 /* NNCarouselLayout.m */,
				AEED90E2225BAC44001B1985 /* NNCarousel.m */,
				AEED90E3225BAC44001B1985 /* NNCarouselLayout.h */,
				AEED90E4225BAC44001B1985 /* NNCarousel.h */,
			);
			path = NNCarousel;
			sourceTree = "<group>";
		};
		AEED90E5225BAC44001B1985 /* NNAlertView */ = {
			isa = PBXGroup;
			children = (
				AEED90E6225BAC44001B1985 /* NNNormalAlertView.m */,
				AEED90E7225BAC44001B1985 /* NNAlertView.h */,
				AEED90E8225BAC44001B1985 /* NNNormalAlertView.h */,
				AEED90E9225BAC44001B1985 /* NNAlertView.m */,
			);
			path = NNAlertView;
			sourceTree = "<group>";
		};
		AEED90EA225BAC44001B1985 /* NNLabelStyleLayout */ = {
			isa = PBXGroup;
			children = (
			);
			path = NNLabelStyleLayout;
			sourceTree = "<group>";
		};
		C9B93B81963A58D79A88DA39 /* Pods */ = {
			isa = PBXGroup;
			children = (
				DDF5F4F98FCDEE5740E12233 /* Pods-NNHybridiOS.debug.xcconfig */,
				2473DDA2F7FD02BB0ADE7A7D /* Pods-NNHybridiOS.release.xcconfig */,
			);
			name = Pods;
			sourceTree = "<group>";
		};
		D149CD9F40CE4128AFB3B506 /* Resources */ = {
			isa = PBXGroup;
			children = (
				F8956F42A4C346D0B5A78DCC /* AntDesign.ttf */,
				F379848848A34F8EBA9D50DF /* Entypo.ttf */,
				50DC4E97276C4B77BDFEE9C3 /* EvilIcons.ttf */,
				F0F01703D0434DD8B94B0B4D /* Feather.ttf */,
				8705F483C12D475D9652054C /* FontAwesome.ttf */,
				913DA11FEDA348D4881DA724 /* FontAwesome5_Brands.ttf */,
				0217BDD1DF044BA6A33FAB91 /* FontAwesome5_Regular.ttf */,
				AFF6AE2C8FE948FF91EB6596 /* FontAwesome5_Solid.ttf */,
				3D03E664E79C409AA7AE3AB8 /* Foundation.ttf */,
				016B9E2D4AE4423E853D2549 /* Ionicons.ttf */,
				278D7B84E134481FB5C09C3D /* MaterialCommunityIcons.ttf */,
				A54098E9B84746B59D774657 /* MaterialIcons.ttf */,
				2C1C4D2B318C40BEA647AAEB /* Octicons.ttf */,
				1BF491A423DE4BBEB9D2B4C4 /* SimpleLineIcons.ttf */,
				D8DD20FA117D4BDB93D1617F /* Zocial.ttf */,
			);
			name = Resources;
			sourceTree = "<group>";
		};
		F59BF3E665C63BCE13BF64AF /* Frameworks */ = {
			isa = PBXGroup;
			children = (
				D9139C07AF0B060C16694F05 /* libPods-NNHybridiOS.a */,
			);
			name = Frameworks;
			sourceTree = "<group>";
		};
/* End PBXGroup section */

/* Begin PBXNativeTarget section */
		AE09FE3A2231FFAD003C2F97 /* NNHybridiOS */ = {
			isa = PBXNativeTarget;
			buildConfigurationList = AE09FE672231FFAE003C2F97 /* Build configuration list for PBXNativeTarget "NNHybridiOS" */;
			buildPhases = (
				988220E16DAE168954D8222E /* [CP] Check Pods Manifest.lock */,
				AE09FE372231FFAD003C2F97 /* Sources */,
				AE09FE382231FFAD003C2F97 /* Frameworks */,
				AE09FE392231FFAD003C2F97 /* Resources */,
				1E21EE72AF868D8D3549721D /* [CP] Copy Pods Resources */,
			);
			buildRules = (
			);
			dependencies = (
			);
			name = NNHybridiOS;
			productName = NNHybridiOS;
			productReference = AE09FE3B2231FFAD003C2F97 /* NNHybridiOS.app */;
			productType = "com.apple.product-type.application";
		};
		AE09FE522231FFAE003C2F97 /* NNHybridiOSTests */ = {
			isa = PBXNativeTarget;
			buildConfigurationList = AE09FE6A2231FFAE003C2F97 /* Build configuration list for PBXNativeTarget "NNHybridiOSTests" */;
			buildPhases = (
				AE09FE4F2231FFAE003C2F97 /* Sources */,
				AE09FE502231FFAE003C2F97 /* Frameworks */,
				AE09FE512231FFAE003C2F97 /* Resources */,
			);
			buildRules = (
			);
			dependencies = (
				AE09FE552231FFAE003C2F97 /* PBXTargetDependency */,
			);
			name = NNHybridiOSTests;
			productName = NNHybridiOSTests;
			productReference = AE09FE532231FFAE003C2F97 /* NNHybridiOSTests.xctest */;
			productType = "com.apple.product-type.bundle.unit-test";
		};
		AE09FE5D2231FFAE003C2F97 /* NNHybridiOSUITests */ = {
			isa = PBXNativeTarget;
			buildConfigurationList = AE09FE6D2231FFAE003C2F97 /* Build configuration list for PBXNativeTarget "NNHybridiOSUITests" */;
			buildPhases = (
				AE09FE5A2231FFAE003C2F97 /* Sources */,
				AE09FE5B2231FFAE003C2F97 /* Frameworks */,
				AE09FE5C2231FFAE003C2F97 /* Resources */,
			);
			buildRules = (
			);
			dependencies = (
				AE09FE602231FFAE003C2F97 /* PBXTargetDependency */,
			);
			name = NNHybridiOSUITests;
			productName = NNHybridiOSUITests;
			productReference = AE09FE5E2231FFAE003C2F97 /* NNHybridiOSUITests.xctest */;
			productType = "com.apple.product-type.bundle.ui-testing";
		};
/* End PBXNativeTarget section */

/* Begin PBXProject section */
		AE09FE332231FFAD003C2F97 /* Project object */ = {
			isa = PBXProject;
			attributes = {
				LastUpgradeCheck = 1010;
				ORGANIZATIONNAME = NeroXie;
				TargetAttributes = {
					AE09FE3A2231FFAD003C2F97 = {
						CreatedOnToolsVersion = 10.1;
					};
					AE09FE522231FFAE003C2F97 = {
						CreatedOnToolsVersion = 10.1;
						TestTargetID = AE09FE3A2231FFAD003C2F97;
					};
					AE09FE5D2231FFAE003C2F97 = {
						CreatedOnToolsVersion = 10.1;
						TestTargetID = AE09FE3A2231FFAD003C2F97;
					};
				};
			};
			buildConfigurationList = AE09FE362231FFAD003C2F97 /* Build configuration list for PBXProject "NNHybridiOS" */;
			compatibilityVersion = "Xcode 9.3";
			developmentRegion = en;
			hasScannedForEncodings = 0;
			knownRegions = (
				en,
				Base,
			);
			mainGroup = AE09FE322231FFAD003C2F97;
			productRefGroup = AE09FE3C2231FFAD003C2F97 /* Products */;
			projectDirPath = "";
			projectRoot = "";
			targets = (
				AE09FE3A2231FFAD003C2F97 /* NNHybridiOS */,
				AE09FE522231FFAE003C2F97 /* NNHybridiOSTests */,
				AE09FE5D2231FFAE003C2F97 /* NNHybridiOSUITests */,
			);
		};
/* End PBXProject section */

/* Begin PBXResourcesBuildPhase section */
		AE09FE392231FFAD003C2F97 /* Resources */ = {
			isa = PBXResourcesBuildPhase;
			buildActionMask = 2147483647;
			files = (
				AE09FE482231FFAD003C2F97 /* Assets.xcassets in Resources */,
				CD5F09D2BBC5465493BADE02 /* AntDesign.ttf in Resources */,
				487863555F6542709ED4981C /* Entypo.ttf in Resources */,
				04CF61648C0144CDB5A112C5 /* EvilIcons.ttf in Resources */,
				D21C812D5E67487BAE838A15 /* Feather.ttf in Resources */,
				4D2DAAA9C9E14FA2952B2A88 /* FontAwesome.ttf in Resources */,
				23A5C779349E457EA730C764 /* FontAwesome5_Brands.ttf in Resources */,
				20771D9342F34366B7D2FA37 /* FontAwesome5_Regular.ttf in Resources */,
				D922119D26914BEEB7EC770D /* FontAwesome5_Solid.ttf in Resources */,
				00CA5C7D250147A787C374D0 /* Foundation.ttf in Resources */,
				8CF7A73E361846018B61D4DA /* Ionicons.ttf in Resources */,
				DEA73292C10642F49831BB81 /* MaterialCommunityIcons.ttf in Resources */,
				9FE26AFCCEB94658ADBD1BBB /* MaterialIcons.ttf in Resources */,
				5839E3923E53411BB663C4FB /* Octicons.ttf in Resources */,
				E48C18CFC62643D3918C3983 /* SimpleLineIcons.ttf in Resources */,
				1665EC77767642E483078187 /* Zocial.ttf in Resources */,
			);
			runOnlyForDeploymentPostprocessing = 0;
		};
		AE09FE512231FFAE003C2F97 /* Resources */ = {
			isa = PBXResourcesBuildPhase;
			buildActionMask = 2147483647;
			files = (
			);
			runOnlyForDeploymentPostprocessing = 0;
		};
		AE09FE5C2231FFAE003C2F97 /* Resources */ = {
			isa = PBXResourcesBuildPhase;
			buildActionMask = 2147483647;
			files = (
			);
			runOnlyForDeploymentPostprocessing = 0;
		};
/* End PBXResourcesBuildPhase section */

/* Begin PBXShellScriptBuildPhase section */
		1E21EE72AF868D8D3549721D /* [CP] Copy Pods Resources */ = {
			isa = PBXShellScriptBuildPhase;
			buildActionMask = 2147483647;
			files = (
			);
			inputFileListPaths = (
			);
			inputPaths = (
				"${SRCROOT}/Pods/Target Support Files/Pods-NNHybridiOS/Pods-NNHybridiOS-resources.sh",
				"${PODS_ROOT}/IQKeyboardManager/IQKeyboardManager/Resources/IQKeyboardManager.bundle",
				"${PODS_ROOT}/MJRefresh/MJRefresh/MJRefresh.bundle",
				"${PODS_ROOT}/../../node_modules/react-native-vector-icons/Fonts/AntDesign.ttf",
				"${PODS_ROOT}/../../node_modules/react-native-vector-icons/Fonts/Entypo.ttf",
				"${PODS_ROOT}/../../node_modules/react-native-vector-icons/Fonts/EvilIcons.ttf",
				"${PODS_ROOT}/../../node_modules/react-native-vector-icons/Fonts/Feather.ttf",
				"${PODS_ROOT}/../../node_modules/react-native-vector-icons/Fonts/FontAwesome.ttf",
				"${PODS_ROOT}/../../node_modules/react-native-vector-icons/Fonts/FontAwesome5_Brands.ttf",
				"${PODS_ROOT}/../../node_modules/react-native-vector-icons/Fonts/FontAwesome5_Regular.ttf",
				"${PODS_ROOT}/../../node_modules/react-native-vector-icons/Fonts/FontAwesome5_Solid.ttf",
				"${PODS_ROOT}/../../node_modules/react-native-vector-icons/Fonts/Foundation.ttf",
				"${PODS_ROOT}/../../node_modules/react-native-vector-icons/Fonts/Ionicons.ttf",
				"${PODS_ROOT}/../../node_modules/react-native-vector-icons/Fonts/MaterialCommunityIcons.ttf",
				"${PODS_ROOT}/../../node_modules/react-native-vector-icons/Fonts/MaterialIcons.ttf",
				"${PODS_ROOT}/../../node_modules/react-native-vector-icons/Fonts/Octicons.ttf",
				"${PODS_ROOT}/../../node_modules/react-native-vector-icons/Fonts/SimpleLineIcons.ttf",
				"${PODS_ROOT}/../../node_modules/react-native-vector-icons/Fonts/Zocial.ttf",
			);
			name = "[CP] Copy Pods Resources";
			outputFileListPaths = (
			);
			outputPaths = (
				"${TARGET_BUILD_DIR}/${UNLOCALIZED_RESOURCES_FOLDER_PATH}/IQKeyboardManager.bundle",
				"${TARGET_BUILD_DIR}/${UNLOCALIZED_RESOURCES_FOLDER_PATH}/MJRefresh.bundle",
				"${TARGET_BUILD_DIR}/${UNLOCALIZED_RESOURCES_FOLDER_PATH}/AntDesign.ttf",
				"${TARGET_BUILD_DIR}/${UNLOCALIZED_RESOURCES_FOLDER_PATH}/Entypo.ttf",
				"${TARGET_BUILD_DIR}/${UNLOCALIZED_RESOURCES_FOLDER_PATH}/EvilIcons.ttf",
				"${TARGET_BUILD_DIR}/${UNLOCALIZED_RESOURCES_FOLDER_PATH}/Feather.ttf",
				"${TARGET_BUILD_DIR}/${UNLOCALIZED_RESOURCES_FOLDER_PATH}/FontAwesome.ttf",
				"${TARGET_BUILD_DIR}/${UNLOCALIZED_RESOURCES_FOLDER_PATH}/FontAwesome5_Brands.ttf",
				"${TARGET_BUILD_DIR}/${UNLOCALIZED_RESOURCES_FOLDER_PATH}/FontAwesome5_Regular.ttf",
				"${TARGET_BUILD_DIR}/${UNLOCALIZED_RESOURCES_FOLDER_PATH}/FontAwesome5_Solid.ttf",
				"${TARGET_BUILD_DIR}/${UNLOCALIZED_RESOURCES_FOLDER_PATH}/Foundation.ttf",
				"${TARGET_BUILD_DIR}/${UNLOCALIZED_RESOURCES_FOLDER_PATH}/Ionicons.ttf",
				"${TARGET_BUILD_DIR}/${UNLOCALIZED_RESOURCES_FOLDER_PATH}/MaterialCommunityIcons.ttf",
				"${TARGET_BUILD_DIR}/${UNLOCALIZED_RESOURCES_FOLDER_PATH}/MaterialIcons.ttf",
				"${TARGET_BUILD_DIR}/${UNLOCALIZED_RESOURCES_FOLDER_PATH}/Octicons.ttf",
				"${TARGET_BUILD_DIR}/${UNLOCALIZED_RESOURCES_FOLDER_PATH}/SimpleLineIcons.ttf",
				"${TARGET_BUILD_DIR}/${UNLOCALIZED_RESOURCES_FOLDER_PATH}/Zocial.ttf",
			);
			runOnlyForDeploymentPostprocessing = 0;
			shellPath = /bin/sh;
			shellScript = "\"${SRCROOT}/Pods/Target Support Files/Pods-NNHybridiOS/Pods-NNHybridiOS-resources.sh\"\n";
			showEnvVarsInLog = 0;
		};
		988220E16DAE168954D8222E /* [CP] Check Pods Manifest.lock */ = {
			isa = PBXShellScriptBuildPhase;
			buildActionMask = 2147483647;
			files = (
			);
			inputFileListPaths = (
			);
			inputPaths = (
				"${PODS_PODFILE_DIR_PATH}/Podfile.lock",
				"${PODS_ROOT}/Manifest.lock",
			);
			name = "[CP] Check Pods Manifest.lock";
			outputFileListPaths = (
			);
			outputPaths = (
				"$(DERIVED_FILE_DIR)/Pods-NNHybridiOS-checkManifestLockResult.txt",
			);
			runOnlyForDeploymentPostprocessing = 0;
			shellPath = /bin/sh;
			shellScript = "diff \"${PODS_PODFILE_DIR_PATH}/Podfile.lock\" \"${PODS_ROOT}/Manifest.lock\" > /dev/null\nif [ $? != 0 ] ; then\n    # print error to STDERR\n    echo \"error: The sandbox is not in sync with the Podfile.lock. Run 'pod install' or update your CocoaPods installation.\" >&2\n    exit 1\nfi\n# This output is used by Xcode 'outputs' to avoid re-running this script phase.\necho \"SUCCESS\" > \"${SCRIPT_OUTPUT_FILE_0}\"\n";
			showEnvVarsInLog = 0;
		};
/* End PBXShellScriptBuildPhase section */

/* Begin PBXSourcesBuildPhase section */
		AE09FE372231FFAD003C2F97 /* Sources */ = {
			isa = PBXSourcesBuildPhase;
			buildActionMask = 2147483647;
			files = (
				AE687BD2225C69180054FDA6 /* NNRefreshHeader.m in Sources */,
				AE687B54225C68360054FDA6 /* NNBaseTableView.m in Sources */,
				AEED920A225CBBEE001B1985 /* UserDefaultModule.m in Sources */,
				AEED90F6225BAC44001B1985 /* UITableView+NNExtension.m in Sources */,
				AE687BBD225C68B50054FDA6 /* NNNetworkResponse.m in Sources */,
				AEED9100225BAC44001B1985 /* NNAlertView.m in Sources */,
				AEC86C49225353B400C76C09 /* RNBaseModule.m in Sources */,
				AE687BBF225C68B50054FDA6 /* NNNetworkRequest.m in Sources */,
				AEED90F5225BAC44001B1985 /* UIColor+NNExtension.m in Sources */,
				AEED90F2225BAC44001B1985 /* UIGestureRecognizer+NNExtension.m in Sources */,
				AEED90F7225BAC44001B1985 /* UIAlertController+NNExtension.m in Sources */,
				AE687B52225C68360054FDA6 /* NNBaseViewModel.m in Sources */,
				AEED90F1225BAC44001B1985 /* UICollectionView+NNExtension.m in Sources */,
				AE687BD3225C69180054FDA6 /* NNRefreshFooter.m in Sources */,
				AE687BC0225C68B50054FDA6 /* LocationManager.m in Sources */,
				AEED90FF225BAC44001B1985 /* NNNormalAlertView.m in Sources */,
				AE687B55225C68360054FDA6 /* NNImageCollectionViewCell.m in Sources */,
				AEED90F3225BAC44001B1985 /* UIImage+NNExtension.m in Sources */,
				AEED90F0225BAC44001B1985 /* NSString+NNExtension.m in Sources */,
				AEED90FD225BAC44001B1985 /* NNCarouselLayout.m in Sources */,
				AE687B53225C68360054FDA6 /* NNBaseModel.m in Sources */,
				AE687BA5225C68B50054FDA6 /* UIScrollView+NNExtension.m in Sources */,
				AEED90F4225BAC44001B1985 /* NSTimer+NNExtension.m in Sources */,
				AE687BD0225C69180054FDA6 /* NNProgressHUD.m in Sources */,
				AE687BBE225C68B50054FDA6 /* NNNetworkService.m in Sources */,
				AE687BDF225C69AF0054FDA6 /* ApiBaseResponse.m in Sources */,
				AE09FE4E2231FFAD003C2F97 /* main.m in Sources */,
				AE687BD1225C69180054FDA6 /* NNRefreshLoadingView.m in Sources */,
				AEED90EC225BAC44001B1985 /* NNGlobalHelper.m in Sources */,
				AEED90FA225BAC44001B1985 /* CADisplayLink+NNExtension.m in Sources */,
				AEED90FC225BAC44001B1985 /* NNPinYin.m in Sources */,
				AE687BD4225C69180054FDA6 /* ParallaxView.m in Sources */,
				AE687BA6225C68B50054FDA6 /* UIView+BOLoading.m in Sources */,
				AE687BC1225C68B50054FDA6 /* CityManager.m in Sources */,
				AEED90EE225BAC44001B1985 /* UIFont+NNExtension.m in Sources */,
				AE687AF6225C65090054FDA6 /* SystemConfigPlugin.m in Sources */,
				AE09FE402231FFAD003C2F97 /* AppDelegate.m in Sources */,
				AE687BE1225C69AF0054FDA6 /* RNPageViewController.m in Sources */,
				AE687B58225C68370054FDA6 /* NNBaseViewController.m in Sources */,
				AEED90ED225BAC44001B1985 /* NSObject+NNExtension.m in Sources */,
				AEED90FB225BAC44001B1985 /* NNGCDTimer.m in Sources */,
				AE687BEB225C6B330054FDA6 /* UserDefaultKey.m in Sources */,
				AEED90F8225BAC44001B1985 /* UIControl+NNExtension.m in Sources */,
				AEED90F9225BAC44001B1985 /* NNPFSLabel.m in Sources */,
				AE687BA3225C68B50054FDA6 /* UIBarButtonItem+NNExtension.m in Sources */,
				AE687BA4225C68B50054FDA6 /* UIView+Frame.m in Sources */,
				AE687BA8225C68B50054FDA6 /* UIImageView+AnimationSDWebImage.m in Sources */,
				AE687BA7225C68B50054FDA6 /* UIViewController+Landspace.m in Sources */,
				AE687C00225C6BD30054FDA6 /* CityModel.m in Sources */,
				AE687AF5225C65090054FDA6 /* AppDelegatePluginManager.m in Sources */,
				AEED90FE225BAC44001B1985 /* NNCarousel.m in Sources */,
				AE687BE0225C69AF0054FDA6 /* ApiBaseRequest.m in Sources */,
				AEED920D225CBFC3001B1985 /* AMapLocationModule.m in Sources */,
				AEED90EF225BAC44001B1985 /* UIView+NNExtension.m in Sources */,
				AEC86C48225353B400C76C09 /* ParallaxViewManager.m in Sources */,
			);
			runOnlyForDeploymentPostprocessing = 0;
		};
		AE09FE4F2231FFAE003C2F97 /* Sources */ = {
			isa = PBXSourcesBuildPhase;
			buildActionMask = 2147483647;
			files = (
				AE09FE582231FFAE003C2F97 /* NNHybridiOSTests.m in Sources */,
			);
			runOnlyForDeploymentPostprocessing = 0;
		};
		AE09FE5A2231FFAE003C2F97 /* Sources */ = {
			isa = PBXSourcesBuildPhase;
			buildActionMask = 2147483647;
			files = (
				AE09FE632231FFAE003C2F97 /* NNHybridiOSUITests.m in Sources */,
			);
			runOnlyForDeploymentPostprocessing = 0;
		};
/* End PBXSourcesBuildPhase section */

/* Begin PBXTargetDependency section */
		AE09FE552231FFAE003C2F97 /* PBXTargetDependency */ = {
			isa = PBXTargetDependency;
			target = AE09FE3A2231FFAD003C2F97 /* NNHybridiOS */;
			targetProxy = AE09FE542231FFAE003C2F97 /* PBXContainerItemProxy */;
		};
		AE09FE602231FFAE003C2F97 /* PBXTargetDependency */ = {
			isa = PBXTargetDependency;
			target = AE09FE3A2231FFAD003C2F97 /* NNHybridiOS */;
			targetProxy = AE09FE5F2231FFAE003C2F97 /* PBXContainerItemProxy */;
		};
/* End PBXTargetDependency section */

/* Begin XCBuildConfiguration section */
		AE09FE652231FFAE003C2F97 /* Debug */ = {
			isa = XCBuildConfiguration;
			buildSettings = {
				ALWAYS_SEARCH_USER_PATHS = NO;
				CLANG_ANALYZER_NONNULL = YES;
				CLANG_ANALYZER_NUMBER_OBJECT_CONVERSION = YES_AGGRESSIVE;
				CLANG_CXX_LANGUAGE_STANDARD = "gnu++14";
				CLANG_CXX_LIBRARY = "libc++";
				CLANG_ENABLE_MODULES = YES;
				CLANG_ENABLE_OBJC_ARC = YES;
				CLANG_ENABLE_OBJC_WEAK = YES;
				CLANG_WARN_BLOCK_CAPTURE_AUTORELEASING = YES;
				CLANG_WARN_BOOL_CONVERSION = YES;
				CLANG_WARN_COMMA = YES;
				CLANG_WARN_CONSTANT_CONVERSION = YES;
				CLANG_WARN_DEPRECATED_OBJC_IMPLEMENTATIONS = YES;
				CLANG_WARN_DIRECT_OBJC_ISA_USAGE = YES_ERROR;
				CLANG_WARN_DOCUMENTATION_COMMENTS = YES;
				CLANG_WARN_EMPTY_BODY = YES;
				CLANG_WARN_ENUM_CONVERSION = YES;
				CLANG_WARN_INFINITE_RECURSION = YES;
				CLANG_WARN_INT_CONVERSION = YES;
				CLANG_WARN_NON_LITERAL_NULL_CONVERSION = YES;
				CLANG_WARN_OBJC_IMPLICIT_RETAIN_SELF = YES;
				CLANG_WARN_OBJC_LITERAL_CONVERSION = YES;
				CLANG_WARN_OBJC_ROOT_CLASS = YES_ERROR;
				CLANG_WARN_RANGE_LOOP_ANALYSIS = YES;
				CLANG_WARN_STRICT_PROTOTYPES = YES;
				CLANG_WARN_SUSPICIOUS_MOVE = YES;
				CLANG_WARN_UNGUARDED_AVAILABILITY = YES_AGGRESSIVE;
				CLANG_WARN_UNREACHABLE_CODE = YES;
				CLANG_WARN__DUPLICATE_METHOD_MATCH = YES;
				CODE_SIGN_IDENTITY = "iPhone Developer";
				COPY_PHASE_STRIP = NO;
				DEBUG_INFORMATION_FORMAT = dwarf;
				ENABLE_STRICT_OBJC_MSGSEND = YES;
				ENABLE_TESTABILITY = YES;
				GCC_C_LANGUAGE_STANDARD = gnu11;
				GCC_DYNAMIC_NO_PIC = NO;
				GCC_NO_COMMON_BLOCKS = YES;
				GCC_OPTIMIZATION_LEVEL = 0;
				GCC_PREPROCESSOR_DEFINITIONS = (
					"DEBUG=1",
					"$(inherited)",
				);
				GCC_WARN_64_TO_32_BIT_CONVERSION = YES;
				GCC_WARN_ABOUT_RETURN_TYPE = YES_ERROR;
				GCC_WARN_UNDECLARED_SELECTOR = YES;
				GCC_WARN_UNINITIALIZED_AUTOS = YES_AGGRESSIVE;
				GCC_WARN_UNUSED_FUNCTION = YES;
				GCC_WARN_UNUSED_VARIABLE = YES;
				IPHONEOS_DEPLOYMENT_TARGET = 12.1;
				MTL_ENABLE_DEBUG_INFO = INCLUDE_SOURCE;
				MTL_FAST_MATH = YES;
				ONLY_ACTIVE_ARCH = YES;
				SDKROOT = iphoneos;
			};
			name = Debug;
		};
		AE09FE662231FFAE003C2F97 /* Release */ = {
			isa = XCBuildConfiguration;
			buildSettings = {
				ALWAYS_SEARCH_USER_PATHS = NO;
				CLANG_ANALYZER_NONNULL = YES;
				CLANG_ANALYZER_NUMBER_OBJECT_CONVERSION = YES_AGGRESSIVE;
				CLANG_CXX_LANGUAGE_STANDARD = "gnu++14";
				CLANG_CXX_LIBRARY = "libc++";
				CLANG_ENABLE_MODULES = YES;
				CLANG_ENABLE_OBJC_ARC = YES;
				CLANG_ENABLE_OBJC_WEAK = YES;
				CLANG_WARN_BLOCK_CAPTURE_AUTORELEASING = YES;
				CLANG_WARN_BOOL_CONVERSION = YES;
				CLANG_WARN_COMMA = YES;
				CLANG_WARN_CONSTANT_CONVERSION = YES;
				CLANG_WARN_DEPRECATED_OBJC_IMPLEMENTATIONS = YES;
				CLANG_WARN_DIRECT_OBJC_ISA_USAGE = YES_ERROR;
				CLANG_WARN_DOCUMENTATION_COMMENTS = YES;
				CLANG_WARN_EMPTY_BODY = YES;
				CLANG_WARN_ENUM_CONVERSION = YES;
				CLANG_WARN_INFINITE_RECURSION = YES;
				CLANG_WARN_INT_CONVERSION = YES;
				CLANG_WARN_NON_LITERAL_NULL_CONVERSION = YES;
				CLANG_WARN_OBJC_IMPLICIT_RETAIN_SELF = YES;
				CLANG_WARN_OBJC_LITERAL_CONVERSION = YES;
				CLANG_WARN_OBJC_ROOT_CLASS = YES_ERROR;
				CLANG_WARN_RANGE_LOOP_ANALYSIS = YES;
				CLANG_WARN_STRICT_PROTOTYPES = YES;
				CLANG_WARN_SUSPICIOUS_MOVE = YES;
				CLANG_WARN_UNGUARDED_AVAILABILITY = YES_AGGRESSIVE;
				CLANG_WARN_UNREACHABLE_CODE = YES;
				CLANG_WARN__DUPLICATE_METHOD_MATCH = YES;
				CODE_SIGN_IDENTITY = "iPhone Developer";
				COPY_PHASE_STRIP = NO;
				DEBUG_INFORMATION_FORMAT = "dwarf-with-dsym";
				ENABLE_NS_ASSERTIONS = NO;
				ENABLE_STRICT_OBJC_MSGSEND = YES;
				GCC_C_LANGUAGE_STANDARD = gnu11;
				GCC_NO_COMMON_BLOCKS = YES;
				GCC_WARN_64_TO_32_BIT_CONVERSION = YES;
				GCC_WARN_ABOUT_RETURN_TYPE = YES_ERROR;
				GCC_WARN_UNDECLARED_SELECTOR = YES;
				GCC_WARN_UNINITIALIZED_AUTOS = YES_AGGRESSIVE;
				GCC_WARN_UNUSED_FUNCTION = YES;
				GCC_WARN_UNUSED_VARIABLE = YES;
				IPHONEOS_DEPLOYMENT_TARGET = 12.1;
				MTL_ENABLE_DEBUG_INFO = NO;
				MTL_FAST_MATH = YES;
				SDKROOT = iphoneos;
				VALIDATE_PRODUCT = YES;
			};
			name = Release;
		};
		AE09FE682231FFAE003C2F97 /* Debug */ = {
			isa = XCBuildConfiguration;
			baseConfigurationReference = DDF5F4F98FCDEE5740E12233 /* Pods-NNHybridiOS.debug.xcconfig */;
			buildSettings = {
				ASSETCATALOG_COMPILER_APPICON_NAME = AppIcon;
				ASSETCATALOG_COMPILER_LAUNCHIMAGE_NAME = LaunchImage;
				CODE_SIGN_IDENTITY = "iPhone Developer";
				CODE_SIGN_STYLE = Automatic;
				DEVELOPMENT_TEAM = 97ZDU8T5WN;
				GCC_PREFIX_HEADER = "$(SRCROOT)/NNHybridiOS/GlobalDefine/PrefixHeader.pch";
				INFOPLIST_FILE = NNHybridiOS/Info.plist;
				IPHONEOS_DEPLOYMENT_TARGET = 9.0;
				LD_RUNPATH_SEARCH_PATHS = (
					"$(inherited)",
					"@executable_path/Frameworks",
				);
				PRODUCT_BUNDLE_IDENTIFIER = "com.xyh30902-163.NNHybridiOS";
				PRODUCT_NAME = "$(TARGET_NAME)";
				PROVISIONING_PROFILE_SPECIFIER = "";
				TARGETED_DEVICE_FAMILY = "1,2";
			};
			name = Debug;
		};
		AE09FE692231FFAE003C2F97 /* Release */ = {
			isa = XCBuildConfiguration;
			baseConfigurationReference = 2473DDA2F7FD02BB0ADE7A7D /* Pods-NNHybridiOS.release.xcconfig */;
			buildSettings = {
				ASSETCATALOG_COMPILER_APPICON_NAME = AppIcon;
				ASSETCATALOG_COMPILER_LAUNCHIMAGE_NAME = LaunchImage;
				CODE_SIGN_IDENTITY = "iPhone Developer";
				CODE_SIGN_STYLE = Automatic;
				DEVELOPMENT_TEAM = 97ZDU8T5WN;
				GCC_PREFIX_HEADER = "$(SRCROOT)/NNHybridiOS/GlobalDefine/PrefixHeader.pch";
				INFOPLIST_FILE = NNHybridiOS/Info.plist;
				IPHONEOS_DEPLOYMENT_TARGET = 9.0;
				LD_RUNPATH_SEARCH_PATHS = (
					"$(inherited)",
					"@executable_path/Frameworks",
				);
				PRODUCT_BUNDLE_IDENTIFIER = "com.xyh30902-163.NNHybridiOS";
				PRODUCT_NAME = "$(TARGET_NAME)";
				PROVISIONING_PROFILE_SPECIFIER = "";
				TARGETED_DEVICE_FAMILY = "1,2";
			};
			name = Release;
		};
		AE09FE6B2231FFAE003C2F97 /* Debug */ = {
			isa = XCBuildConfiguration;
			buildSettings = {
				BUNDLE_LOADER = "$(TEST_HOST)";
				CODE_SIGN_STYLE = Automatic;
				DEVELOPMENT_TEAM = 97ZDU8T5WN;
				INFOPLIST_FILE = NNHybridiOSTests/Info.plist;
				LD_RUNPATH_SEARCH_PATHS = (
					"$(inherited)",
					"@executable_path/Frameworks",
					"@loader_path/Frameworks",
				);
				PRODUCT_BUNDLE_IDENTIFIER = "com.xyh30902-163.NNHybridiOSTests";
				PRODUCT_NAME = "$(TARGET_NAME)";
				TARGETED_DEVICE_FAMILY = "1,2";
				TEST_HOST = "$(BUILT_PRODUCTS_DIR)/NNHybridiOS.app/NNHybridiOS";
			};
			name = Debug;
		};
		AE09FE6C2231FFAE003C2F97 /* Release */ = {
			isa = XCBuildConfiguration;
			buildSettings = {
				BUNDLE_LOADER = "$(TEST_HOST)";
				CODE_SIGN_STYLE = Automatic;
				DEVELOPMENT_TEAM = 97ZDU8T5WN;
				INFOPLIST_FILE = NNHybridiOSTests/Info.plist;
				LD_RUNPATH_SEARCH_PATHS = (
					"$(inherited)",
					"@executable_path/Frameworks",
					"@loader_path/Frameworks",
				);
				PRODUCT_BUNDLE_IDENTIFIER = "com.xyh30902-163.NNHybridiOSTests";
				PRODUCT_NAME = "$(TARGET_NAME)";
				TARGETED_DEVICE_FAMILY = "1,2";
				TEST_HOST = "$(BUILT_PRODUCTS_DIR)/NNHybridiOS.app/NNHybridiOS";
			};
			name = Release;
		};
		AE09FE6E2231FFAE003C2F97 /* Debug */ = {
			isa = XCBuildConfiguration;
			buildSettings = {
				CODE_SIGN_STYLE = Automatic;
				DEVELOPMENT_TEAM = 97ZDU8T5WN;
				INFOPLIST_FILE = NNHybridiOSUITests/Info.plist;
				LD_RUNPATH_SEARCH_PATHS = (
					"$(inherited)",
					"@executable_path/Frameworks",
					"@loader_path/Frameworks",
				);
				PRODUCT_BUNDLE_IDENTIFIER = "com.xyh30902-163.NNHybridiOSUITests";
				PRODUCT_NAME = "$(TARGET_NAME)";
				TARGETED_DEVICE_FAMILY = "1,2";
				TEST_TARGET_NAME = NNHybridiOS;
			};
			name = Debug;
		};
		AE09FE6F2231FFAE003C2F97 /* Release */ = {
			isa = XCBuildConfiguration;
			buildSettings = {
				CODE_SIGN_STYLE = Automatic;
				DEVELOPMENT_TEAM = 97ZDU8T5WN;
				INFOPLIST_FILE = NNHybridiOSUITests/Info.plist;
				LD_RUNPATH_SEARCH_PATHS = (
					"$(inherited)",
					"@executable_path/Frameworks",
					"@loader_path/Frameworks",
				);
				PRODUCT_BUNDLE_IDENTIFIER = "com.xyh30902-163.NNHybridiOSUITests";
				PRODUCT_NAME = "$(TARGET_NAME)";
				TARGETED_DEVICE_FAMILY = "1,2";
				TEST_TARGET_NAME = NNHybridiOS;
			};
			name = Release;
		};
/* End XCBuildConfiguration section */

/* Begin XCConfigurationList section */
		AE09FE362231FFAD003C2F97 /* Build configuration list for PBXProject "NNHybridiOS" */ = {
			isa = XCConfigurationList;
			buildConfigurations = (
				AE09FE652231FFAE003C2F97 /* Debug */,
				AE09FE662231FFAE003C2F97 /* Release */,
			);
			defaultConfigurationIsVisible = 0;
			defaultConfigurationName = Release;
		};
		AE09FE672231FFAE003C2F97 /* Build configuration list for PBXNativeTarget "NNHybridiOS" */ = {
			isa = XCConfigurationList;
			buildConfigurations = (
				AE09FE682231FFAE003C2F97 /* Debug */,
				AE09FE692231FFAE003C2F97 /* Release */,
			);
			defaultConfigurationIsVisible = 0;
			defaultConfigurationName = Release;
		};
		AE09FE6A2231FFAE003C2F97 /* Build configuration list for PBXNativeTarget "NNHybridiOSTests" */ = {
			isa = XCConfigurationList;
			buildConfigurations = (
				AE09FE6B2231FFAE003C2F97 /* Debug */,
				AE09FE6C2231FFAE003C2F97 /* Release */,
			);
			defaultConfigurationIsVisible = 0;
			defaultConfigurationName = Release;
		};
		AE09FE6D2231FFAE003C2F97 /* Build configuration list for PBXNativeTarget "NNHybridiOSUITests" */ = {
			isa = XCConfigurationList;
			buildConfigurations = (
				AE09FE6E2231FFAE003C2F97 /* Debug */,
				AE09FE6F2231FFAE003C2F97 /* Release */,
			);
			defaultConfigurationIsVisible = 0;
			defaultConfigurationName = Release;
		};
/* End XCConfigurationList section */
	};
	rootObject = AE09FE332231FFAD003C2F97 /* Project object */;
}
